// !$*UTF8*$!
{
	archiveVersion = 1;
	classes = {
	};
	objectVersion = 50;
	objects = {

/* Begin PBXBuildFile section */
		3409096922A077D4007A1062 /* CoreDependencies.swift in Sources */ = {isa = PBXBuildFile; fileRef = 3409096822A077D4007A1062 /* CoreDependencies.swift */; };
		3409096C22A07CB1007A1062 /* VerticalTopAlignLabel.swift in Sources */ = {isa = PBXBuildFile; fileRef = 3409096B22A07CB1007A1062 /* VerticalTopAlignLabel.swift */; };
		3409096E22A0802B007A1062 /* PhotosViewController+ActionHandlers.swift in Sources */ = {isa = PBXBuildFile; fileRef = 3409096D22A0802B007A1062 /* PhotosViewController+ActionHandlers.swift */; };
		3409097122A082B2007A1062 /* PhotoDetailsViewController.swift in Sources */ = {isa = PBXBuildFile; fileRef = 3409097022A082B2007A1062 /* PhotoDetailsViewController.swift */; };
		3409097322A088C9007A1062 /* PhotosViewController+PhotoDetailsTransitionAnimatorDelegate.swift in Sources */ = {isa = PBXBuildFile; fileRef = 3409097222A088C9007A1062 /* PhotosViewController+PhotoDetailsTransitionAnimatorDelegate.swift */; };
		3409097622A089BE007A1062 /* PhotoDetailsPushTransition.swift in Sources */ = {isa = PBXBuildFile; fileRef = 3409097522A089BE007A1062 /* PhotoDetailsPushTransition.swift */; };
		3409097822A089FD007A1062 /* PhotoDetailsTransitionAnimatorDelegate.swift in Sources */ = {isa = PBXBuildFile; fileRef = 3409097722A089FD007A1062 /* PhotoDetailsTransitionAnimatorDelegate.swift */; };
		3409097B22A08E40007A1062 /* CGRect+makeRect.swift in Sources */ = {isa = PBXBuildFile; fileRef = 3409097A22A08E40007A1062 /* CGRect+makeRect.swift */; };
		3409097D22A08E55007A1062 /* CGSize+pixelSize.swift in Sources */ = {isa = PBXBuildFile; fileRef = 3409097C22A08E55007A1062 /* CGSize+pixelSize.swift */; };
		3409097F22A08E75007A1062 /* CGFloat+scaleAndShift.swift in Sources */ = {isa = PBXBuildFile; fileRef = 3409097E22A08E75007A1062 /* CGFloat+scaleAndShift.swift */; };
		3409098222A08FC2007A1062 /* AnimatableNavigationController.swift in Sources */ = {isa = PBXBuildFile; fileRef = 3409098122A08FC2007A1062 /* AnimatableNavigationController.swift */; };
		3409098522A09470007A1062 /* PhotoDetailsViewController.xib in Resources */ = {isa = PBXBuildFile; fileRef = 3409098422A09470007A1062 /* PhotoDetailsViewController.xib */; };
		3409098722A09814007A1062 /* PhotoDetailsPopTransition.swift in Sources */ = {isa = PBXBuildFile; fileRef = 3409098622A09814007A1062 /* PhotoDetailsPopTransition.swift */; };
		3409098A22A0A89A007A1062 /* PhotoDetailsViewController+PhotoDetailsTransitionAnimatorDelegate.swift in Sources */ = {isa = PBXBuildFile; fileRef = 3409098922A0A89A007A1062 /* PhotoDetailsViewController+PhotoDetailsTransitionAnimatorDelegate.swift */; };
		3409098C22A140C9007A1062 /* ImageZoomScrollView.swift in Sources */ = {isa = PBXBuildFile; fileRef = 3409098B22A140C9007A1062 /* ImageZoomScrollView.swift */; };
		3409098E22A14A02007A1062 /* PhotoLibraryManager.swift in Sources */ = {isa = PBXBuildFile; fileRef = 3409098D22A14A02007A1062 /* PhotoLibraryManager.swift */; };
		3409099022A14C2C007A1062 /* CustomHUD.swift in Sources */ = {isa = PBXBuildFile; fileRef = 3409098F22A14C2C007A1062 /* CustomHUD.swift */; };
		3409099222A14CE4007A1062 /* AlertPresenter.swift in Sources */ = {isa = PBXBuildFile; fileRef = 3409099122A14CE4007A1062 /* AlertPresenter.swift */; };
		3409099522A154C3007A1062 /* LoginViewController.swift in Sources */ = {isa = PBXBuildFile; fileRef = 3409099422A154C3007A1062 /* LoginViewController.swift */; };
		3409099722A154D9007A1062 /* LoginViewController.xib in Resources */ = {isa = PBXBuildFile; fileRef = 3409099622A154D9007A1062 /* LoginViewController.xib */; };
		3409099922A155E3007A1062 /* CollectionViewDataSourceProvider.swift in Sources */ = {isa = PBXBuildFile; fileRef = 3409099822A155E3007A1062 /* CollectionViewDataSourceProvider.swift */; };
		3409099B22A15621007A1062 /* LoginViewDataSourceProvider.swift in Sources */ = {isa = PBXBuildFile; fileRef = 3409099A22A15621007A1062 /* LoginViewDataSourceProvider.swift */; };
		3409099E22A156D4007A1062 /* UICollectionView+GenericDequeue.swift in Sources */ = {isa = PBXBuildFile; fileRef = 3409099D22A156D4007A1062 /* UICollectionView+GenericDequeue.swift */; };
		340909A122A15A81007A1062 /* LoginImagePreviewCollectionViewCell.swift in Sources */ = {isa = PBXBuildFile; fileRef = 340909A022A15A81007A1062 /* LoginImagePreviewCollectionViewCell.swift */; };
		340909A322A1D41E007A1062 /* PhotoDetailsInteractiveDismissTransition.swift in Sources */ = {isa = PBXBuildFile; fileRef = 340909A222A1D41E007A1062 /* PhotoDetailsInteractiveDismissTransition.swift */; };
		340909AA22A2EBE6007A1062 /* DismissAnimator.swift in Sources */ = {isa = PBXBuildFile; fileRef = 340909A922A2EBE6007A1062 /* DismissAnimator.swift */; };
		340909AC22A2EC1D007A1062 /* DismissInteractor.swift in Sources */ = {isa = PBXBuildFile; fileRef = 340909AB22A2EC1D007A1062 /* DismissInteractor.swift */; };
		340909B022A2FF6B007A1062 /* UnsplashAuthenticationManager.swift in Sources */ = {isa = PBXBuildFile; fileRef = 340909AF22A2FF6B007A1062 /* UnsplashAuthenticationManager.swift */; };
		340909B422A2FFFD007A1062 /* Scope.swift in Sources */ = {isa = PBXBuildFile; fileRef = 340909B322A2FFFD007A1062 /* Scope.swift */; };
		340909B622A30088007A1062 /* UnsplashAuthError.swift in Sources */ = {isa = PBXBuildFile; fileRef = 340909B522A30088007A1062 /* UnsplashAuthError.swift */; };
		340909B822A30098007A1062 /* UnsplashAccessToken.swift in Sources */ = {isa = PBXBuildFile; fileRef = 340909B722A30098007A1062 /* UnsplashAccessToken.swift */; };
		342EF5F4229F0F8500B3E6EC /* CollectionsViewCellConfigurator.swift in Sources */ = {isa = PBXBuildFile; fileRef = 342EF5F3229F0F8500B3E6EC /* CollectionsViewCellConfigurator.swift */; };
		342EF5F6229F1C7000B3E6EC /* PhotosRepo.swift in Sources */ = {isa = PBXBuildFile; fileRef = 342EF5F5229F1C7000B3E6EC /* PhotosRepo.swift */; };
		342EF5F9229F1CFB00B3E6EC /* CollectionsRepoType.swift in Sources */ = {isa = PBXBuildFile; fileRef = 342EF5F8229F1CFB00B3E6EC /* CollectionsRepoType.swift */; };
		342EF5FC229F1D1D00B3E6EC /* PhotosReposType.swift in Sources */ = {isa = PBXBuildFile; fileRef = 342EF5FB229F1D1D00B3E6EC /* PhotosReposType.swift */; };
		342EF5FF229F1E3600B3E6EC /* PhotosViewController.swift in Sources */ = {isa = PBXBuildFile; fileRef = 342EF5FE229F1E3600B3E6EC /* PhotosViewController.swift */; };
		342EF601229F1F2500B3E6EC /* PhotosViewController.xib in Resources */ = {isa = PBXBuildFile; fileRef = 342EF600229F1F2500B3E6EC /* PhotosViewController.xib */; };
		342EF605229F1F6F00B3E6EC /* PhotosViewDataSourceProvider.swift in Sources */ = {isa = PBXBuildFile; fileRef = 342EF604229F1F6F00B3E6EC /* PhotosViewDataSourceProvider.swift */; };
		342EF608229F1FA300B3E6EC /* Photo+TableViewItem.swift in Sources */ = {isa = PBXBuildFile; fileRef = 342EF607229F1FA300B3E6EC /* Photo+TableViewItem.swift */; };
		342EF60A229F20F500B3E6EC /* PhotosViewCellConfigurator.swift in Sources */ = {isa = PBXBuildFile; fileRef = 342EF609229F20F500B3E6EC /* PhotosViewCellConfigurator.swift */; };
		342EF60C229F232500B3E6EC /* UITableView+isLoadingCell.swift in Sources */ = {isa = PBXBuildFile; fileRef = 342EF60B229F232500B3E6EC /* UITableView+isLoadingCell.swift */; };
		342EF60E229F23CE00B3E6EC /* PhotosViewTableViewCell.swift in Sources */ = {isa = PBXBuildFile; fileRef = 342EF60D229F23CE00B3E6EC /* PhotosViewTableViewCell.swift */; };
		342EF610229F240100B3E6EC /* PhotosViewTableViewCell.xib in Resources */ = {isa = PBXBuildFile; fileRef = 342EF60F229F240100B3E6EC /* PhotosViewTableViewCell.xib */; };
		342EF613229F32AB00B3E6EC /* UIColor+HexValues.swift in Sources */ = {isa = PBXBuildFile; fileRef = 342EF612229F32AB00B3E6EC /* UIColor+HexValues.swift */; };
		342EF616229F351A00B3E6EC /* Configuration.swift in Sources */ = {isa = PBXBuildFile; fileRef = 342EF615229F351A00B3E6EC /* Configuration.swift */; };
		342EF61922A0747B00B3E6EC /* TabBarController.swift in Sources */ = {isa = PBXBuildFile; fileRef = 342EF61822A0747B00B3E6EC /* TabBarController.swift */; };
		3454DEEC229AF2D600EA3592 /* AppDelegate.swift in Sources */ = {isa = PBXBuildFile; fileRef = 3454DEEB229AF2D600EA3592 /* AppDelegate.swift */; };
		3454DEEE229AF2D600EA3592 /* CollectionsViewController.swift in Sources */ = {isa = PBXBuildFile; fileRef = 3454DEED229AF2D600EA3592 /* CollectionsViewController.swift */; };
		3454DEF3229AF2D700EA3592 /* Assets.xcassets in Resources */ = {isa = PBXBuildFile; fileRef = 3454DEF2229AF2D700EA3592 /* Assets.xcassets */; };
		3454DEF6229AF2D700EA3592 /* LaunchScreen.storyboard in Resources */ = {isa = PBXBuildFile; fileRef = 3454DEF4229AF2D700EA3592 /* LaunchScreen.storyboard */; };
		3454DF01229AF2D700EA3592 /* Splashr_XTests.swift in Sources */ = {isa = PBXBuildFile; fileRef = 3454DF00229AF2D700EA3592 /* Splashr_XTests.swift */; };
		3454DF0C229AF2D700EA3592 /* Splashr_XUITests.swift in Sources */ = {isa = PBXBuildFile; fileRef = 3454DF0B229AF2D700EA3592 /* Splashr_XUITests.swift */; };
		3454DF28229AF41F00EA3592 /* URLSession+Extensions.swift in Sources */ = {isa = PBXBuildFile; fileRef = 3454DF1C229AF41F00EA3592 /* URLSession+Extensions.swift */; };
		3454DF29229AF41F00EA3592 /* URLRequest+Extensions.swift in Sources */ = {isa = PBXBuildFile; fileRef = 3454DF1D229AF41F00EA3592 /* URLRequest+Extensions.swift */; };
		3454DF2A229AF41F00EA3592 /* Response.swift in Sources */ = {isa = PBXBuildFile; fileRef = 3454DF1E229AF41F00EA3592 /* Response.swift */; };
		3454DF2B229AF41F00EA3592 /* ResourceType.swift in Sources */ = {isa = PBXBuildFile; fileRef = 3454DF1F229AF41F00EA3592 /* ResourceType.swift */; };
		3454DF2C229AF41F00EA3592 /* HTTPNetworking.swift in Sources */ = {isa = PBXBuildFile; fileRef = 3454DF20229AF41F00EA3592 /* HTTPNetworking.swift */; };
		3454DF2D229AF41F00EA3592 /* URL+Extensions.swift in Sources */ = {isa = PBXBuildFile; fileRef = 3454DF21229AF41F00EA3592 /* URL+Extensions.swift */; };
		3454DF2E229AF41F00EA3592 /* Task.swift in Sources */ = {isa = PBXBuildFile; fileRef = 3454DF22229AF41F00EA3592 /* Task.swift */; };
		3454DF2F229AF41F00EA3592 /* URLEncoding.swift in Sources */ = {isa = PBXBuildFile; fileRef = 3454DF23229AF41F00EA3592 /* URLEncoding.swift */; };
		3454DF30229AF41F00EA3592 /* HTTPNetworkingType.swift in Sources */ = {isa = PBXBuildFile; fileRef = 3454DF24229AF41F00EA3592 /* HTTPNetworkingType.swift */; };
		3454DF31229AF41F00EA3592 /* Endpoint.swift in Sources */ = {isa = PBXBuildFile; fileRef = 3454DF25229AF41F00EA3592 /* Endpoint.swift */; };
		3454DF32229AF41F00EA3592 /* AnyEncodable.swift in Sources */ = {isa = PBXBuildFile; fileRef = 3454DF26229AF41F00EA3592 /* AnyEncodable.swift */; };
		3454DF33229AF41F00EA3592 /* URLSessionManager.swift in Sources */ = {isa = PBXBuildFile; fileRef = 3454DF27229AF41F00EA3592 /* URLSessionManager.swift */; };
		3454DF39229AF56200EA3592 /* SceneCoordinatorType.swift in Sources */ = {isa = PBXBuildFile; fileRef = 3454DF35229AF56200EA3592 /* SceneCoordinatorType.swift */; };
		3454DF3A229AF56200EA3592 /* Scene.swift in Sources */ = {isa = PBXBuildFile; fileRef = 3454DF36229AF56200EA3592 /* Scene.swift */; };
		3454DF3B229AF56200EA3592 /* SceneCoordinator.swift in Sources */ = {isa = PBXBuildFile; fileRef = 3454DF37229AF56200EA3592 /* SceneCoordinator.swift */; };
		3454DF3C229AF56200EA3592 /* SceneTransitionType.swift in Sources */ = {isa = PBXBuildFile; fileRef = 3454DF38229AF56200EA3592 /* SceneTransitionType.swift */; };
		3454DF48229AF5D900EA3592 /* Style+UIButton.swift in Sources */ = {isa = PBXBuildFile; fileRef = 3454DF40229AF5D900EA3592 /* Style+UIButton.swift */; };
		3454DF49229AF5D900EA3592 /* UIView+AutoLayout.swift in Sources */ = {isa = PBXBuildFile; fileRef = 3454DF41229AF5D900EA3592 /* UIView+AutoLayout.swift */; };
		3454DF4A229AF5D900EA3592 /* Style.swift in Sources */ = {isa = PBXBuildFile; fileRef = 3454DF42229AF5D900EA3592 /* Style.swift */; };
		3454DF4B229AF5D900EA3592 /* ClassIdentifiable.swift in Sources */ = {isa = PBXBuildFile; fileRef = 3454DF44229AF5D900EA3592 /* ClassIdentifiable.swift */; };
		3454DF4C229AF5D900EA3592 /* IdentifiableType.swift in Sources */ = {isa = PBXBuildFile; fileRef = 3454DF45229AF5D900EA3592 /* IdentifiableType.swift */; };
		3454DF4D229AF5D900EA3592 /* UICollectionView+NibIdentifiable.swift in Sources */ = {isa = PBXBuildFile; fileRef = 3454DF46229AF5D900EA3592 /* UICollectionView+NibIdentifiable.swift */; };
		3454DF4E229AF5D900EA3592 /* NibIdentifiable.swift in Sources */ = {isa = PBXBuildFile; fileRef = 3454DF47229AF5D900EA3592 /* NibIdentifiable.swift */; };
		34816CAE229C794300000724 /* CollectionsViewController.xib in Resources */ = {isa = PBXBuildFile; fileRef = 34816CAD229C794300000724 /* CollectionsViewController.xib */; };
		34816CB1229C79A900000724 /* CollectionsRepo.swift in Sources */ = {isa = PBXBuildFile; fileRef = 34816CB0229C79A900000724 /* CollectionsRepo.swift */; };
		34816CB5229C79E400000724 /* Unsplash.swift in Sources */ = {isa = PBXBuildFile; fileRef = 34816CB4229C79E400000724 /* Unsplash.swift */; };
		34816CC1229C7D1E00000724 /* ImageURLs.swift in Sources */ = {isa = PBXBuildFile; fileRef = 34816CB8229C7D1E00000724 /* ImageURLs.swift */; };
		34816CC2229C7D1E00000724 /* Links.swift in Sources */ = {isa = PBXBuildFile; fileRef = 34816CB9229C7D1E00000724 /* Links.swift */; };
		34816CC3229C7D1E00000724 /* Exif.swift in Sources */ = {isa = PBXBuildFile; fileRef = 34816CBA229C7D1E00000724 /* Exif.swift */; };
		34816CC4229C7D1E00000724 /* User.swift in Sources */ = {isa = PBXBuildFile; fileRef = 34816CBB229C7D1E00000724 /* User.swift */; };
		34816CC5229C7D1E00000724 /* Photo.swift in Sources */ = {isa = PBXBuildFile; fileRef = 34816CBC229C7D1E00000724 /* Photo.swift */; };
		34816CC6229C7D1E00000724 /* ProfileImage.swift in Sources */ = {isa = PBXBuildFile; fileRef = 34816CBD229C7D1E00000724 /* ProfileImage.swift */; };
		34816CC7229C7D1E00000724 /* Category.swift in Sources */ = {isa = PBXBuildFile; fileRef = 34816CBE229C7D1E00000724 /* Category.swift */; };
		34816CC8229C7D1E00000724 /* PhotoCollection.swift in Sources */ = {isa = PBXBuildFile; fileRef = 34816CBF229C7D1E00000724 /* PhotoCollection.swift */; };
		34816CC9229C7D1E00000724 /* Position.swift in Sources */ = {isa = PBXBuildFile; fileRef = 34816CC0229C7D1E00000724 /* Position.swift */; };
		34816CCD229C800800000724 /* Scene+Instantiate.swift in Sources */ = {isa = PBXBuildFile; fileRef = 34816CCC229C800800000724 /* Scene+Instantiate.swift */; };
		34816CCF229C82F300000724 /* UITableView+GenericDequeue.swift in Sources */ = {isa = PBXBuildFile; fileRef = 34816CCE229C82F300000724 /* UITableView+GenericDequeue.swift */; };
		34816CDC229D9E8000000724 /* CollectionsViewDataSourceProvider.swift in Sources */ = {isa = PBXBuildFile; fileRef = 34816CDB229D9E8000000724 /* CollectionsViewDataSourceProvider.swift */; };
		34816CDF229DA1CC00000724 /* TableViewDataSourceProvider.swift in Sources */ = {isa = PBXBuildFile; fileRef = 34816CDE229DA1CC00000724 /* TableViewDataSourceProvider.swift */; };
		34816CE1229DA1F500000724 /* PhotoCollection+TableViewItem.swift in Sources */ = {isa = PBXBuildFile; fileRef = 34816CE0229DA1F500000724 /* PhotoCollection+TableViewItem.swift */; };
		34816CE5229DA9B900000724 /* Reloadable.swift in Sources */ = {isa = PBXBuildFile; fileRef = 34816CE4229DA9B900000724 /* Reloadable.swift */; };
		34816CE8229DAA4600000724 /* CellConfigurator.swift in Sources */ = {isa = PBXBuildFile; fileRef = 34816CE7229DAA4600000724 /* CellConfigurator.swift */; };
		34816CED229DADCE00000724 /* CollectionsViewTableViewCell.swift in Sources */ = {isa = PBXBuildFile; fileRef = 34816CEC229DADCE00000724 /* CollectionsViewTableViewCell.swift */; };
		34816CEF229DAEC600000724 /* CollectionsViewTableViewCell.xib in Resources */ = {isa = PBXBuildFile; fileRef = 34816CEE229DAEC600000724 /* CollectionsViewTableViewCell.xib */; };
		520CEC707242225088C5A068 /* Pods_Splashr_XTests.framework in Frameworks */ = {isa = PBXBuildFile; fileRef = D722F71B279A92633ADF7CDB /* Pods_Splashr_XTests.framework */; };
		5FECC0242256804690068491 /* Pods_Splashr_XUITests.framework in Frameworks */ = {isa = PBXBuildFile; fileRef = DF9990A51ED857276914EAE2 /* Pods_Splashr_XUITests.framework */; };
		F0EF3203AB41FF2B9307C724 /* Pods_Splashr_X.framework in Frameworks */ = {isa = PBXBuildFile; fileRef = 9D3D70A4C2FC3B0206B6A3A6 /* Pods_Splashr_X.framework */; };
/* End PBXBuildFile section */

/* Begin PBXContainerItemProxy section */
		3454DEFD229AF2D700EA3592 /* PBXContainerItemProxy */ = {
			isa = PBXContainerItemProxy;
			containerPortal = 3454DEE0229AF2D600EA3592 /* Project object */;
			proxyType = 1;
			remoteGlobalIDString = 3454DEE7229AF2D600EA3592;
			remoteInfo = "Splashr-X";
		};
		3454DF08229AF2D700EA3592 /* PBXContainerItemProxy */ = {
			isa = PBXContainerItemProxy;
			containerPortal = 3454DEE0229AF2D600EA3592 /* Project object */;
			proxyType = 1;
			remoteGlobalIDString = 3454DEE7229AF2D600EA3592;
			remoteInfo = "Splashr-X";
		};
/* End PBXContainerItemProxy section */

/* Begin PBXFileReference section */
		24FDE50D91FB1DDA7649C758 /* Pods-Splashr-XTests.debug.xcconfig */ = {isa = PBXFileReference; includeInIndex = 1; lastKnownFileType = text.xcconfig; name = "Pods-Splashr-XTests.debug.xcconfig"; path = "Target Support Files/Pods-Splashr-XTests/Pods-Splashr-XTests.debug.xcconfig"; sourceTree = "<group>"; };
		2BCD92A915B767D7B0718D82 /* Pods-Splashr-XTests.release.xcconfig */ = {isa = PBXFileReference; includeInIndex = 1; lastKnownFileType = text.xcconfig; name = "Pods-Splashr-XTests.release.xcconfig"; path = "Target Support Files/Pods-Splashr-XTests/Pods-Splashr-XTests.release.xcconfig"; sourceTree = "<group>"; };
		32BCF80BDEDF5013FF4D92A6 /* Pods-Splashr-XUITests.debug.xcconfig */ = {isa = PBXFileReference; includeInIndex = 1; lastKnownFileType = text.xcconfig; name = "Pods-Splashr-XUITests.debug.xcconfig"; path = "Target Support Files/Pods-Splashr-XUITests/Pods-Splashr-XUITests.debug.xcconfig"; sourceTree = "<group>"; };
		3409096822A077D4007A1062 /* CoreDependencies.swift */ = {isa = PBXFileReference; lastKnownFileType = sourcecode.swift; path = CoreDependencies.swift; sourceTree = "<group>"; };
		3409096B22A07CB1007A1062 /* VerticalTopAlignLabel.swift */ = {isa = PBXFileReference; lastKnownFileType = sourcecode.swift; path = VerticalTopAlignLabel.swift; sourceTree = "<group>"; };
		3409096D22A0802B007A1062 /* PhotosViewController+ActionHandlers.swift */ = {isa = PBXFileReference; lastKnownFileType = sourcecode.swift; path = "PhotosViewController+ActionHandlers.swift"; sourceTree = "<group>"; };
		3409097022A082B2007A1062 /* PhotoDetailsViewController.swift */ = {isa = PBXFileReference; lastKnownFileType = sourcecode.swift; path = PhotoDetailsViewController.swift; sourceTree = "<group>"; };
		3409097222A088C9007A1062 /* PhotosViewController+PhotoDetailsTransitionAnimatorDelegate.swift */ = {isa = PBXFileReference; lastKnownFileType = sourcecode.swift; path = "PhotosViewController+PhotoDetailsTransitionAnimatorDelegate.swift"; sourceTree = "<group>"; };
		3409097522A089BE007A1062 /* PhotoDetailsPushTransition.swift */ = {isa = PBXFileReference; lastKnownFileType = sourcecode.swift; path = PhotoDetailsPushTransition.swift; sourceTree = "<group>"; };
		3409097722A089FD007A1062 /* PhotoDetailsTransitionAnimatorDelegate.swift */ = {isa = PBXFileReference; lastKnownFileType = sourcecode.swift; path = PhotoDetailsTransitionAnimatorDelegate.swift; sourceTree = "<group>"; };
		3409097A22A08E40007A1062 /* CGRect+makeRect.swift */ = {isa = PBXFileReference; lastKnownFileType = sourcecode.swift; path = "CGRect+makeRect.swift"; sourceTree = "<group>"; };
		3409097C22A08E55007A1062 /* CGSize+pixelSize.swift */ = {isa = PBXFileReference; lastKnownFileType = sourcecode.swift; path = "CGSize+pixelSize.swift"; sourceTree = "<group>"; };
		3409097E22A08E75007A1062 /* CGFloat+scaleAndShift.swift */ = {isa = PBXFileReference; lastKnownFileType = sourcecode.swift; path = "CGFloat+scaleAndShift.swift"; sourceTree = "<group>"; };
		3409098122A08FC2007A1062 /* AnimatableNavigationController.swift */ = {isa = PBXFileReference; lastKnownFileType = sourcecode.swift; path = AnimatableNavigationController.swift; sourceTree = "<group>"; };
		3409098422A09470007A1062 /* PhotoDetailsViewController.xib */ = {isa = PBXFileReference; lastKnownFileType = file.xib; path = PhotoDetailsViewController.xib; sourceTree = "<group>"; };
		3409098622A09814007A1062 /* PhotoDetailsPopTransition.swift */ = {isa = PBXFileReference; lastKnownFileType = sourcecode.swift; path = PhotoDetailsPopTransition.swift; sourceTree = "<group>"; };
		3409098922A0A89A007A1062 /* PhotoDetailsViewController+PhotoDetailsTransitionAnimatorDelegate.swift */ = {isa = PBXFileReference; lastKnownFileType = sourcecode.swift; path = "PhotoDetailsViewController+PhotoDetailsTransitionAnimatorDelegate.swift"; sourceTree = "<group>"; };
		3409098B22A140C9007A1062 /* ImageZoomScrollView.swift */ = {isa = PBXFileReference; lastKnownFileType = sourcecode.swift; path = ImageZoomScrollView.swift; sourceTree = "<group>"; };
		3409098D22A14A02007A1062 /* PhotoLibraryManager.swift */ = {isa = PBXFileReference; lastKnownFileType = sourcecode.swift; path = PhotoLibraryManager.swift; sourceTree = "<group>"; };
		3409098F22A14C2C007A1062 /* CustomHUD.swift */ = {isa = PBXFileReference; lastKnownFileType = sourcecode.swift; path = CustomHUD.swift; sourceTree = "<group>"; };
		3409099122A14CE4007A1062 /* AlertPresenter.swift */ = {isa = PBXFileReference; lastKnownFileType = sourcecode.swift; path = AlertPresenter.swift; sourceTree = "<group>"; };
		3409099422A154C3007A1062 /* LoginViewController.swift */ = {isa = PBXFileReference; lastKnownFileType = sourcecode.swift; path = LoginViewController.swift; sourceTree = "<group>"; };
		3409099622A154D9007A1062 /* LoginViewController.xib */ = {isa = PBXFileReference; lastKnownFileType = file.xib; path = LoginViewController.xib; sourceTree = "<group>"; };
		3409099822A155E3007A1062 /* CollectionViewDataSourceProvider.swift */ = {isa = PBXFileReference; lastKnownFileType = sourcecode.swift; path = CollectionViewDataSourceProvider.swift; sourceTree = "<group>"; };
		3409099A22A15621007A1062 /* LoginViewDataSourceProvider.swift */ = {isa = PBXFileReference; lastKnownFileType = sourcecode.swift; path = LoginViewDataSourceProvider.swift; sourceTree = "<group>"; };
		3409099D22A156D4007A1062 /* UICollectionView+GenericDequeue.swift */ = {isa = PBXFileReference; lastKnownFileType = sourcecode.swift; path = "UICollectionView+GenericDequeue.swift"; sourceTree = "<group>"; };
		340909A022A15A81007A1062 /* LoginImagePreviewCollectionViewCell.swift */ = {isa = PBXFileReference; lastKnownFileType = sourcecode.swift; path = LoginImagePreviewCollectionViewCell.swift; sourceTree = "<group>"; };
		340909A222A1D41E007A1062 /* PhotoDetailsInteractiveDismissTransition.swift */ = {isa = PBXFileReference; lastKnownFileType = sourcecode.swift; path = PhotoDetailsInteractiveDismissTransition.swift; sourceTree = "<group>"; };
		340909A922A2EBE6007A1062 /* DismissAnimator.swift */ = {isa = PBXFileReference; lastKnownFileType = sourcecode.swift; path = DismissAnimator.swift; sourceTree = "<group>"; };
		340909AB22A2EC1D007A1062 /* DismissInteractor.swift */ = {isa = PBXFileReference; lastKnownFileType = sourcecode.swift; path = DismissInteractor.swift; sourceTree = "<group>"; };
		340909AF22A2FF6B007A1062 /* UnsplashAuthenticationManager.swift */ = {isa = PBXFileReference; lastKnownFileType = sourcecode.swift; path = UnsplashAuthenticationManager.swift; sourceTree = "<group>"; };
		340909B322A2FFFD007A1062 /* Scope.swift */ = {isa = PBXFileReference; lastKnownFileType = sourcecode.swift; path = Scope.swift; sourceTree = "<group>"; };
		340909B522A30088007A1062 /* UnsplashAuthError.swift */ = {isa = PBXFileReference; lastKnownFileType = sourcecode.swift; path = UnsplashAuthError.swift; sourceTree = "<group>"; };
		340909B722A30098007A1062 /* UnsplashAccessToken.swift */ = {isa = PBXFileReference; lastKnownFileType = sourcecode.swift; path = UnsplashAccessToken.swift; sourceTree = "<group>"; };
		342EF5F3229F0F8500B3E6EC /* CollectionsViewCellConfigurator.swift */ = {isa = PBXFileReference; fileEncoding = 4; lastKnownFileType = sourcecode.swift; path = CollectionsViewCellConfigurator.swift; sourceTree = "<group>"; };
		342EF5F5229F1C7000B3E6EC /* PhotosRepo.swift */ = {isa = PBXFileReference; lastKnownFileType = sourcecode.swift; path = PhotosRepo.swift; sourceTree = "<group>"; };
		342EF5F8229F1CFB00B3E6EC /* CollectionsRepoType.swift */ = {isa = PBXFileReference; lastKnownFileType = sourcecode.swift; path = CollectionsRepoType.swift; sourceTree = "<group>"; };
		342EF5FB229F1D1D00B3E6EC /* PhotosReposType.swift */ = {isa = PBXFileReference; lastKnownFileType = sourcecode.swift; path = PhotosReposType.swift; sourceTree = "<group>"; };
		342EF5FE229F1E3600B3E6EC /* PhotosViewController.swift */ = {isa = PBXFileReference; lastKnownFileType = sourcecode.swift; path = PhotosViewController.swift; sourceTree = "<group>"; };
		342EF600229F1F2500B3E6EC /* PhotosViewController.xib */ = {isa = PBXFileReference; lastKnownFileType = file.xib; path = PhotosViewController.xib; sourceTree = "<group>"; };
		342EF604229F1F6F00B3E6EC /* PhotosViewDataSourceProvider.swift */ = {isa = PBXFileReference; lastKnownFileType = sourcecode.swift; path = PhotosViewDataSourceProvider.swift; sourceTree = "<group>"; };
		342EF607229F1FA300B3E6EC /* Photo+TableViewItem.swift */ = {isa = PBXFileReference; lastKnownFileType = sourcecode.swift; path = "Photo+TableViewItem.swift"; sourceTree = "<group>"; };
		342EF609229F20F500B3E6EC /* PhotosViewCellConfigurator.swift */ = {isa = PBXFileReference; lastKnownFileType = sourcecode.swift; path = PhotosViewCellConfigurator.swift; sourceTree = "<group>"; };
		342EF60B229F232500B3E6EC /* UITableView+isLoadingCell.swift */ = {isa = PBXFileReference; lastKnownFileType = sourcecode.swift; path = "UITableView+isLoadingCell.swift"; sourceTree = "<group>"; };
		342EF60D229F23CE00B3E6EC /* PhotosViewTableViewCell.swift */ = {isa = PBXFileReference; lastKnownFileType = sourcecode.swift; path = PhotosViewTableViewCell.swift; sourceTree = "<group>"; };
		342EF60F229F240100B3E6EC /* PhotosViewTableViewCell.xib */ = {isa = PBXFileReference; lastKnownFileType = file.xib; path = PhotosViewTableViewCell.xib; sourceTree = "<group>"; };
		342EF612229F32AB00B3E6EC /* UIColor+HexValues.swift */ = {isa = PBXFileReference; lastKnownFileType = sourcecode.swift; path = "UIColor+HexValues.swift"; sourceTree = "<group>"; };
		342EF615229F351A00B3E6EC /* Configuration.swift */ = {isa = PBXFileReference; lastKnownFileType = sourcecode.swift; path = Configuration.swift; sourceTree = "<group>"; };
		342EF61822A0747B00B3E6EC /* TabBarController.swift */ = {isa = PBXFileReference; lastKnownFileType = sourcecode.swift; path = TabBarController.swift; sourceTree = "<group>"; };
		3454DEE8229AF2D600EA3592 /* Splashr-X.app */ = {isa = PBXFileReference; explicitFileType = wrapper.application; includeInIndex = 0; path = "Splashr-X.app"; sourceTree = BUILT_PRODUCTS_DIR; };
		3454DEEB229AF2D600EA3592 /* AppDelegate.swift */ = {isa = PBXFileReference; lastKnownFileType = sourcecode.swift; path = AppDelegate.swift; sourceTree = "<group>"; };
		3454DEED229AF2D600EA3592 /* CollectionsViewController.swift */ = {isa = PBXFileReference; lastKnownFileType = sourcecode.swift; path = CollectionsViewController.swift; sourceTree = "<group>"; };
		3454DEF2229AF2D700EA3592 /* Assets.xcassets */ = {isa = PBXFileReference; lastKnownFileType = folder.assetcatalog; path = Assets.xcassets; sourceTree = "<group>"; };
		3454DEF5229AF2D700EA3592 /* Base */ = {isa = PBXFileReference; lastKnownFileType = file.storyboard; name = Base; path = Base.lproj/LaunchScreen.storyboard; sourceTree = "<group>"; };
		3454DEF7229AF2D700EA3592 /* Info.plist */ = {isa = PBXFileReference; lastKnownFileType = text.plist.xml; path = Info.plist; sourceTree = "<group>"; };
		3454DEFC229AF2D700EA3592 /* Splashr-XTests.xctest */ = {isa = PBXFileReference; explicitFileType = wrapper.cfbundle; includeInIndex = 0; path = "Splashr-XTests.xctest"; sourceTree = BUILT_PRODUCTS_DIR; };
		3454DF00229AF2D700EA3592 /* Splashr_XTests.swift */ = {isa = PBXFileReference; lastKnownFileType = sourcecode.swift; path = Splashr_XTests.swift; sourceTree = "<group>"; };
		3454DF02229AF2D700EA3592 /* Info.plist */ = {isa = PBXFileReference; lastKnownFileType = text.plist.xml; path = Info.plist; sourceTree = "<group>"; };
		3454DF07229AF2D700EA3592 /* Splashr-XUITests.xctest */ = {isa = PBXFileReference; explicitFileType = wrapper.cfbundle; includeInIndex = 0; path = "Splashr-XUITests.xctest"; sourceTree = BUILT_PRODUCTS_DIR; };
		3454DF0B229AF2D700EA3592 /* Splashr_XUITests.swift */ = {isa = PBXFileReference; lastKnownFileType = sourcecode.swift; path = Splashr_XUITests.swift; sourceTree = "<group>"; };
		3454DF0D229AF2D700EA3592 /* Info.plist */ = {isa = PBXFileReference; lastKnownFileType = text.plist.xml; path = Info.plist; sourceTree = "<group>"; };
		3454DF1C229AF41F00EA3592 /* URLSession+Extensions.swift */ = {isa = PBXFileReference; fileEncoding = 4; lastKnownFileType = sourcecode.swift; path = "URLSession+Extensions.swift"; sourceTree = "<group>"; };
		3454DF1D229AF41F00EA3592 /* URLRequest+Extensions.swift */ = {isa = PBXFileReference; fileEncoding = 4; lastKnownFileType = sourcecode.swift; path = "URLRequest+Extensions.swift"; sourceTree = "<group>"; };
		3454DF1E229AF41F00EA3592 /* Response.swift */ = {isa = PBXFileReference; fileEncoding = 4; lastKnownFileType = sourcecode.swift; path = Response.swift; sourceTree = "<group>"; };
		3454DF1F229AF41F00EA3592 /* ResourceType.swift */ = {isa = PBXFileReference; fileEncoding = 4; lastKnownFileType = sourcecode.swift; path = ResourceType.swift; sourceTree = "<group>"; };
		3454DF20229AF41F00EA3592 /* HTTPNetworking.swift */ = {isa = PBXFileReference; fileEncoding = 4; lastKnownFileType = sourcecode.swift; path = HTTPNetworking.swift; sourceTree = "<group>"; };
		3454DF21229AF41F00EA3592 /* URL+Extensions.swift */ = {isa = PBXFileReference; fileEncoding = 4; lastKnownFileType = sourcecode.swift; path = "URL+Extensions.swift"; sourceTree = "<group>"; };
		3454DF22229AF41F00EA3592 /* Task.swift */ = {isa = PBXFileReference; fileEncoding = 4; lastKnownFileType = sourcecode.swift; path = Task.swift; sourceTree = "<group>"; };
		3454DF23229AF41F00EA3592 /* URLEncoding.swift */ = {isa = PBXFileReference; fileEncoding = 4; lastKnownFileType = sourcecode.swift; path = URLEncoding.swift; sourceTree = "<group>"; };
		3454DF24229AF41F00EA3592 /* HTTPNetworkingType.swift */ = {isa = PBXFileReference; fileEncoding = 4; lastKnownFileType = sourcecode.swift; path = HTTPNetworkingType.swift; sourceTree = "<group>"; };
		3454DF25229AF41F00EA3592 /* Endpoint.swift */ = {isa = PBXFileReference; fileEncoding = 4; lastKnownFileType = sourcecode.swift; path = Endpoint.swift; sourceTree = "<group>"; };
		3454DF26229AF41F00EA3592 /* AnyEncodable.swift */ = {isa = PBXFileReference; fileEncoding = 4; lastKnownFileType = sourcecode.swift; path = AnyEncodable.swift; sourceTree = "<group>"; };
		3454DF27229AF41F00EA3592 /* URLSessionManager.swift */ = {isa = PBXFileReference; fileEncoding = 4; lastKnownFileType = sourcecode.swift; path = URLSessionManager.swift; sourceTree = "<group>"; };
		3454DF35229AF56200EA3592 /* SceneCoordinatorType.swift */ = {isa = PBXFileReference; fileEncoding = 4; lastKnownFileType = sourcecode.swift; path = SceneCoordinatorType.swift; sourceTree = "<group>"; };
		3454DF36229AF56200EA3592 /* Scene.swift */ = {isa = PBXFileReference; fileEncoding = 4; lastKnownFileType = sourcecode.swift; path = Scene.swift; sourceTree = "<group>"; };
		3454DF37229AF56200EA3592 /* SceneCoordinator.swift */ = {isa = PBXFileReference; fileEncoding = 4; lastKnownFileType = sourcecode.swift; path = SceneCoordinator.swift; sourceTree = "<group>"; };
		3454DF38229AF56200EA3592 /* SceneTransitionType.swift */ = {isa = PBXFileReference; fileEncoding = 4; lastKnownFileType = sourcecode.swift; path = SceneTransitionType.swift; sourceTree = "<group>"; };
		3454DF40229AF5D900EA3592 /* Style+UIButton.swift */ = {isa = PBXFileReference; fileEncoding = 4; lastKnownFileType = sourcecode.swift; path = "Style+UIButton.swift"; sourceTree = "<group>"; };
		3454DF41229AF5D900EA3592 /* UIView+AutoLayout.swift */ = {isa = PBXFileReference; fileEncoding = 4; lastKnownFileType = sourcecode.swift; path = "UIView+AutoLayout.swift"; sourceTree = "<group>"; };
		3454DF42229AF5D900EA3592 /* Style.swift */ = {isa = PBXFileReference; fileEncoding = 4; lastKnownFileType = sourcecode.swift; path = Style.swift; sourceTree = "<group>"; };
		3454DF44229AF5D900EA3592 /* ClassIdentifiable.swift */ = {isa = PBXFileReference; fileEncoding = 4; lastKnownFileType = sourcecode.swift; path = ClassIdentifiable.swift; sourceTree = "<group>"; };
		3454DF45229AF5D900EA3592 /* IdentifiableType.swift */ = {isa = PBXFileReference; fileEncoding = 4; lastKnownFileType = sourcecode.swift; path = IdentifiableType.swift; sourceTree = "<group>"; };
		3454DF46229AF5D900EA3592 /* UICollectionView+NibIdentifiable.swift */ = {isa = PBXFileReference; fileEncoding = 4; lastKnownFileType = sourcecode.swift; path = "UICollectionView+NibIdentifiable.swift"; sourceTree = "<group>"; };
		3454DF47229AF5D900EA3592 /* NibIdentifiable.swift */ = {isa = PBXFileReference; fileEncoding = 4; lastKnownFileType = sourcecode.swift; path = NibIdentifiable.swift; sourceTree = "<group>"; };
		34816CAD229C794300000724 /* CollectionsViewController.xib */ = {isa = PBXFileReference; lastKnownFileType = file.xib; path = CollectionsViewController.xib; sourceTree = "<group>"; };
		34816CB0229C79A900000724 /* CollectionsRepo.swift */ = {isa = PBXFileReference; lastKnownFileType = sourcecode.swift; path = CollectionsRepo.swift; sourceTree = "<group>"; };
		34816CB4229C79E400000724 /* Unsplash.swift */ = {isa = PBXFileReference; lastKnownFileType = sourcecode.swift; path = Unsplash.swift; sourceTree = "<group>"; };
		34816CB8229C7D1E00000724 /* ImageURLs.swift */ = {isa = PBXFileReference; fileEncoding = 4; lastKnownFileType = sourcecode.swift; path = ImageURLs.swift; sourceTree = "<group>"; };
		34816CB9229C7D1E00000724 /* Links.swift */ = {isa = PBXFileReference; fileEncoding = 4; lastKnownFileType = sourcecode.swift; path = Links.swift; sourceTree = "<group>"; };
		34816CBA229C7D1E00000724 /* Exif.swift */ = {isa = PBXFileReference; fileEncoding = 4; lastKnownFileType = sourcecode.swift; path = Exif.swift; sourceTree = "<group>"; };
		34816CBB229C7D1E00000724 /* User.swift */ = {isa = PBXFileReference; fileEncoding = 4; lastKnownFileType = sourcecode.swift; path = User.swift; sourceTree = "<group>"; };
		34816CBC229C7D1E00000724 /* Photo.swift */ = {isa = PBXFileReference; fileEncoding = 4; lastKnownFileType = sourcecode.swift; path = Photo.swift; sourceTree = "<group>"; };
		34816CBD229C7D1E00000724 /* ProfileImage.swift */ = {isa = PBXFileReference; fileEncoding = 4; lastKnownFileType = sourcecode.swift; path = ProfileImage.swift; sourceTree = "<group>"; };
		34816CBE229C7D1E00000724 /* Category.swift */ = {isa = PBXFileReference; fileEncoding = 4; lastKnownFileType = sourcecode.swift; path = Category.swift; sourceTree = "<group>"; };
		34816CBF229C7D1E00000724 /* PhotoCollection.swift */ = {isa = PBXFileReference; fileEncoding = 4; lastKnownFileType = sourcecode.swift; path = PhotoCollection.swift; sourceTree = "<group>"; };
		34816CC0229C7D1E00000724 /* Position.swift */ = {isa = PBXFileReference; fileEncoding = 4; lastKnownFileType = sourcecode.swift; path = Position.swift; sourceTree = "<group>"; };
		34816CCC229C800800000724 /* Scene+Instantiate.swift */ = {isa = PBXFileReference; lastKnownFileType = sourcecode.swift; path = "Scene+Instantiate.swift"; sourceTree = "<group>"; };
		34816CCE229C82F300000724 /* UITableView+GenericDequeue.swift */ = {isa = PBXFileReference; lastKnownFileType = sourcecode.swift; path = "UITableView+GenericDequeue.swift"; sourceTree = "<group>"; };
		34816CDB229D9E8000000724 /* CollectionsViewDataSourceProvider.swift */ = {isa = PBXFileReference; lastKnownFileType = sourcecode.swift; path = CollectionsViewDataSourceProvider.swift; sourceTree = "<group>"; };
		34816CDE229DA1CC00000724 /* TableViewDataSourceProvider.swift */ = {isa = PBXFileReference; lastKnownFileType = sourcecode.swift; path = TableViewDataSourceProvider.swift; sourceTree = "<group>"; };
		34816CE0229DA1F500000724 /* PhotoCollection+TableViewItem.swift */ = {isa = PBXFileReference; lastKnownFileType = sourcecode.swift; path = "PhotoCollection+TableViewItem.swift"; sourceTree = "<group>"; };
		34816CE4229DA9B900000724 /* Reloadable.swift */ = {isa = PBXFileReference; lastKnownFileType = sourcecode.swift; path = Reloadable.swift; sourceTree = "<group>"; };
		34816CE7229DAA4600000724 /* CellConfigurator.swift */ = {isa = PBXFileReference; lastKnownFileType = sourcecode.swift; path = CellConfigurator.swift; sourceTree = "<group>"; };
		34816CEC229DADCE00000724 /* CollectionsViewTableViewCell.swift */ = {isa = PBXFileReference; lastKnownFileType = sourcecode.swift; path = CollectionsViewTableViewCell.swift; sourceTree = "<group>"; };
		34816CEE229DAEC600000724 /* CollectionsViewTableViewCell.xib */ = {isa = PBXFileReference; lastKnownFileType = file.xib; path = CollectionsViewTableViewCell.xib; sourceTree = "<group>"; };
		9D3D70A4C2FC3B0206B6A3A6 /* Pods_Splashr_X.framework */ = {isa = PBXFileReference; explicitFileType = wrapper.framework; includeInIndex = 0; path = Pods_Splashr_X.framework; sourceTree = BUILT_PRODUCTS_DIR; };
		A09189916420B8B1F662287E /* Pods-Splashr-XUITests.release.xcconfig */ = {isa = PBXFileReference; includeInIndex = 1; lastKnownFileType = text.xcconfig; name = "Pods-Splashr-XUITests.release.xcconfig"; path = "Target Support Files/Pods-Splashr-XUITests/Pods-Splashr-XUITests.release.xcconfig"; sourceTree = "<group>"; };
		CF054CA9BD7EE8631048F6CB /* Pods-Splashr-X.debug.xcconfig */ = {isa = PBXFileReference; includeInIndex = 1; lastKnownFileType = text.xcconfig; name = "Pods-Splashr-X.debug.xcconfig"; path = "Target Support Files/Pods-Splashr-X/Pods-Splashr-X.debug.xcconfig"; sourceTree = "<group>"; };
		D1F9BCF0F0D03BD0E97615E7 /* Pods-Splashr-X.release.xcconfig */ = {isa = PBXFileReference; includeInIndex = 1; lastKnownFileType = text.xcconfig; name = "Pods-Splashr-X.release.xcconfig"; path = "Target Support Files/Pods-Splashr-X/Pods-Splashr-X.release.xcconfig"; sourceTree = "<group>"; };
		D722F71B279A92633ADF7CDB /* Pods_Splashr_XTests.framework */ = {isa = PBXFileReference; explicitFileType = wrapper.framework; includeInIndex = 0; path = Pods_Splashr_XTests.framework; sourceTree = BUILT_PRODUCTS_DIR; };
		DF9990A51ED857276914EAE2 /* Pods_Splashr_XUITests.framework */ = {isa = PBXFileReference; explicitFileType = wrapper.framework; includeInIndex = 0; path = Pods_Splashr_XUITests.framework; sourceTree = BUILT_PRODUCTS_DIR; };
/* End PBXFileReference section */

/* Begin PBXFrameworksBuildPhase section */
		3454DEE5229AF2D600EA3592 /* Frameworks */ = {
			isa = PBXFrameworksBuildPhase;
			buildActionMask = 2147483647;
			files = (
				F0EF3203AB41FF2B9307C724 /* Pods_Splashr_X.framework in Frameworks */,
			);
			runOnlyForDeploymentPostprocessing = 0;
		};
		3454DEF9229AF2D700EA3592 /* Frameworks */ = {
			isa = PBXFrameworksBuildPhase;
			buildActionMask = 2147483647;
			files = (
				520CEC707242225088C5A068 /* Pods_Splashr_XTests.framework in Frameworks */,
			);
			runOnlyForDeploymentPostprocessing = 0;
		};
		3454DF04229AF2D700EA3592 /* Frameworks */ = {
			isa = PBXFrameworksBuildPhase;
			buildActionMask = 2147483647;
			files = (
				5FECC0242256804690068491 /* Pods_Splashr_XUITests.framework in Frameworks */,
			);
			runOnlyForDeploymentPostprocessing = 0;
		};
/* End PBXFrameworksBuildPhase section */

/* Begin PBXGroup section */
		3409096A22A07CA7007A1062 /* Custom Views */ = {
			isa = PBXGroup;
			children = (
				3409096B22A07CB1007A1062 /* VerticalTopAlignLabel.swift */,
				3409098B22A140C9007A1062 /* ImageZoomScrollView.swift */,
			);
			path = "Custom Views";
			sourceTree = "<group>";
		};
		3409096F22A082A1007A1062 /* Photo Details */ = {
			isa = PBXGroup;
			children = (
				3409097022A082B2007A1062 /* PhotoDetailsViewController.swift */,
				3409098422A09470007A1062 /* PhotoDetailsViewController.xib */,
				3409098922A0A89A007A1062 /* PhotoDetailsViewController+PhotoDetailsTransitionAnimatorDelegate.swift */,
			);
			path = "Photo Details";
			sourceTree = "<group>";
		};
		3409097422A089B2007A1062 /* Animation & Transition */ = {
			isa = PBXGroup;
			children = (
				340909A822A2EBC7007A1062 /* Login */,
				3409098822A0A87E007A1062 /* PhotoDetails */,
			);
			path = "Animation & Transition";
			sourceTree = "<group>";
		};
		3409097922A08E28007A1062 /* CG */ = {
			isa = PBXGroup;
			children = (
				3409097A22A08E40007A1062 /* CGRect+makeRect.swift */,
				3409097C22A08E55007A1062 /* CGSize+pixelSize.swift */,
				3409097E22A08E75007A1062 /* CGFloat+scaleAndShift.swift */,
			);
			path = CG;
			sourceTree = "<group>";
		};
		3409098022A08FB0007A1062 /* NavigationController */ = {
			isa = PBXGroup;
			children = (
				3409098122A08FC2007A1062 /* AnimatableNavigationController.swift */,
			);
			path = NavigationController;
			sourceTree = "<group>";
		};
		3409098822A0A87E007A1062 /* PhotoDetails */ = {
			isa = PBXGroup;
			children = (
				3409097522A089BE007A1062 /* PhotoDetailsPushTransition.swift */,
				3409098622A09814007A1062 /* PhotoDetailsPopTransition.swift */,
				3409097722A089FD007A1062 /* PhotoDetailsTransitionAnimatorDelegate.swift */,
				340909A222A1D41E007A1062 /* PhotoDetailsInteractiveDismissTransition.swift */,
			);
			path = PhotoDetails;
			sourceTree = "<group>";
		};
		3409099322A15497007A1062 /* Login */ = {
			isa = PBXGroup;
			children = (
				3409099C22A15632007A1062 /* DataSourceProvider */,
				3409099F22A15A72007A1062 /* Cell */,
				3409099422A154C3007A1062 /* LoginViewController.swift */,
				3409099622A154D9007A1062 /* LoginViewController.xib */,
			);
			path = Login;
			sourceTree = "<group>";
		};
		3409099C22A15632007A1062 /* DataSourceProvider */ = {
			isa = PBXGroup;
			children = (
				3409099A22A15621007A1062 /* LoginViewDataSourceProvider.swift */,
			);
			path = DataSourceProvider;
			sourceTree = "<group>";
		};
		3409099F22A15A72007A1062 /* Cell */ = {
			isa = PBXGroup;
			children = (
				340909A022A15A81007A1062 /* LoginImagePreviewCollectionViewCell.swift */,
			);
			path = Cell;
			sourceTree = "<group>";
		};
		340909A822A2EBC7007A1062 /* Login */ = {
			isa = PBXGroup;
			children = (
				340909A922A2EBE6007A1062 /* DismissAnimator.swift */,
				340909AB22A2EC1D007A1062 /* DismissInteractor.swift */,
			);
			path = Login;
			sourceTree = "<group>";
		};
		340909AD22A2FE66007A1062 /* User */ = {
			isa = PBXGroup;
			children = (
			);
			path = User;
			sourceTree = "<group>";
		};
		340909AE22A2FF55007A1062 /* Authentication */ = {
			isa = PBXGroup;
			children = (
				340909AF22A2FF6B007A1062 /* UnsplashAuthenticationManager.swift */,
			);
			path = Authentication;
			sourceTree = "<group>";
		};
		340909B122A2FFED007A1062 /* Enum */ = {
			isa = PBXGroup;
			children = (
				340909B222A2FFF5007A1062 /* Unsplash */,
			);
			path = Enum;
			sourceTree = "<group>";
		};
		340909B222A2FFF5007A1062 /* Unsplash */ = {
			isa = PBXGroup;
			children = (
				340909B322A2FFFD007A1062 /* Scope.swift */,
			);
			path = Unsplash;
			sourceTree = "<group>";
		};
		342EF5F7229F1CF200B3E6EC /* Collections */ = {
			isa = PBXGroup;
			children = (
				34816CB0229C79A900000724 /* CollectionsRepo.swift */,
				342EF5F8229F1CFB00B3E6EC /* CollectionsRepoType.swift */,
			);
			path = Collections;
			sourceTree = "<group>";
		};
		342EF5FA229F1D0000B3E6EC /* Photos */ = {
			isa = PBXGroup;
			children = (
				342EF5F5229F1C7000B3E6EC /* PhotosRepo.swift */,
				342EF5FB229F1D1D00B3E6EC /* PhotosReposType.swift */,
			);
			path = Photos;
			sourceTree = "<group>";
		};
		342EF5FD229F1E2400B3E6EC /* Photos */ = {
			isa = PBXGroup;
			children = (
				342EF602229F1F5800B3E6EC /* DataSourceProvider */,
				342EF603229F1F5F00B3E6EC /* Cell */,
				342EF5FE229F1E3600B3E6EC /* PhotosViewController.swift */,
				342EF600229F1F2500B3E6EC /* PhotosViewController.xib */,
				3409096D22A0802B007A1062 /* PhotosViewController+ActionHandlers.swift */,
				3409097222A088C9007A1062 /* PhotosViewController+PhotoDetailsTransitionAnimatorDelegate.swift */,
			);
			path = Photos;
			sourceTree = "<group>";
		};
		342EF602229F1F5800B3E6EC /* DataSourceProvider */ = {
			isa = PBXGroup;
			children = (
				342EF604229F1F6F00B3E6EC /* PhotosViewDataSourceProvider.swift */,
			);
			path = DataSourceProvider;
			sourceTree = "<group>";
		};
		342EF603229F1F5F00B3E6EC /* Cell */ = {
			isa = PBXGroup;
			children = (
				342EF609229F20F500B3E6EC /* PhotosViewCellConfigurator.swift */,
				342EF60D229F23CE00B3E6EC /* PhotosViewTableViewCell.swift */,
				342EF60F229F240100B3E6EC /* PhotosViewTableViewCell.xib */,
			);
			path = Cell;
			sourceTree = "<group>";
		};
		342EF606229F1F9200B3E6EC /* TableViewItem */ = {
			isa = PBXGroup;
			children = (
				34816CE0229DA1F500000724 /* PhotoCollection+TableViewItem.swift */,
				342EF607229F1FA300B3E6EC /* Photo+TableViewItem.swift */,
			);
			path = TableViewItem;
			sourceTree = "<group>";
		};
		342EF611229F329C00B3E6EC /* UIColor */ = {
			isa = PBXGroup;
			children = (
				342EF612229F32AB00B3E6EC /* UIColor+HexValues.swift */,
			);
			path = UIColor;
			sourceTree = "<group>";
		};
		342EF614229F34D300B3E6EC /* Commons */ = {
			isa = PBXGroup;
			children = (
				342EF615229F351A00B3E6EC /* Configuration.swift */,
			);
			path = Commons;
			sourceTree = "<group>";
		};
		342EF61722A0746400B3E6EC /* Tab Bar */ = {
			isa = PBXGroup;
			children = (
				342EF61822A0747B00B3E6EC /* TabBarController.swift */,
			);
			path = "Tab Bar";
			sourceTree = "<group>";
		};
		3454DEDF229AF2D600EA3592 = {
			isa = PBXGroup;
			children = (
				3454DEEA229AF2D600EA3592 /* Splashr-X */,
				3454DEFF229AF2D700EA3592 /* Splashr-XTests */,
				3454DF0A229AF2D700EA3592 /* Splashr-XUITests */,
				3454DEE9229AF2D600EA3592 /* Products */,
				349CE4488C1CF332029885C2 /* Pods */,
				9CCE9A71BEF03FBE41CC4D9E /* Frameworks */,
			);
			sourceTree = "<group>";
		};
		3454DEE9229AF2D600EA3592 /* Products */ = {
			isa = PBXGroup;
			children = (
				3454DEE8229AF2D600EA3592 /* Splashr-X.app */,
				3454DEFC229AF2D700EA3592 /* Splashr-XTests.xctest */,
				3454DF07229AF2D700EA3592 /* Splashr-XUITests.xctest */,
			);
			name = Products;
			sourceTree = "<group>";
		};
		3454DEEA229AF2D600EA3592 /* Splashr-X */ = {
			isa = PBXGroup;
			children = (
				342EF614229F34D300B3E6EC /* Commons */,
				3454DF3D229AF5BD00EA3592 /* Utils */,
				34816CB7229C7D1E00000724 /* Models */,
				3454DF34229AF53700EA3592 /* Coordinator */,
				3454DF1B229AF41F00EA3592 /* Networking */,
				34816CAF229C799600000724 /* Services */,
				3454DF1A229AF30E00EA3592 /* Scenes */,
				3454DF19229AF30300EA3592 /* Resources */,
				3454DEEB229AF2D600EA3592 /* AppDelegate.swift */,
				3454DEF4229AF2D700EA3592 /* LaunchScreen.storyboard */,
				3454DEF7229AF2D700EA3592 /* Info.plist */,
			);
			path = "Splashr-X";
			sourceTree = "<group>";
		};
		3454DEFF229AF2D700EA3592 /* Splashr-XTests */ = {
			isa = PBXGroup;
			children = (
				3454DF00229AF2D700EA3592 /* Splashr_XTests.swift */,
				3454DF02229AF2D700EA3592 /* Info.plist */,
			);
			path = "Splashr-XTests";
			sourceTree = "<group>";
		};
		3454DF0A229AF2D700EA3592 /* Splashr-XUITests */ = {
			isa = PBXGroup;
			children = (
				3454DF0B229AF2D700EA3592 /* Splashr_XUITests.swift */,
				3454DF0D229AF2D700EA3592 /* Info.plist */,
			);
			path = "Splashr-XUITests";
			sourceTree = "<group>";
		};
		3454DF19229AF30300EA3592 /* Resources */ = {
			isa = PBXGroup;
			children = (
				3454DEF2229AF2D700EA3592 /* Assets.xcassets */,
			);
			path = Resources;
			sourceTree = "<group>";
		};
		3454DF1A229AF30E00EA3592 /* Scenes */ = {
			isa = PBXGroup;
			children = (
				3409097422A089B2007A1062 /* Animation & Transition */,
				3409098022A08FB0007A1062 /* NavigationController */,
				342EF61722A0746400B3E6EC /* Tab Bar */,
				342EF5FD229F1E2400B3E6EC /* Photos */,
				3409099322A15497007A1062 /* Login */,
				3409096F22A082A1007A1062 /* Photo Details */,
				34816CB6229C7A0D00000724 /* Collections */,
			);
			path = Scenes;
			sourceTree = "<group>";
		};
		3454DF1B229AF41F00EA3592 /* Networking */ = {
			isa = PBXGroup;
			children = (
				34816CB3229C79DA00000724 /* ResourceType */,
				3454DF1C229AF41F00EA3592 /* URLSession+Extensions.swift */,
				3454DF1D229AF41F00EA3592 /* URLRequest+Extensions.swift */,
				3454DF1E229AF41F00EA3592 /* Response.swift */,
				3454DF1F229AF41F00EA3592 /* ResourceType.swift */,
				3454DF20229AF41F00EA3592 /* HTTPNetworking.swift */,
				3454DF21229AF41F00EA3592 /* URL+Extensions.swift */,
				3454DF22229AF41F00EA3592 /* Task.swift */,
				3454DF23229AF41F00EA3592 /* URLEncoding.swift */,
				3454DF24229AF41F00EA3592 /* HTTPNetworkingType.swift */,
				3454DF25229AF41F00EA3592 /* Endpoint.swift */,
				3454DF26229AF41F00EA3592 /* AnyEncodable.swift */,
				3454DF27229AF41F00EA3592 /* URLSessionManager.swift */,
			);
			path = Networking;
			sourceTree = "<group>";
		};
		3454DF34229AF53700EA3592 /* Coordinator */ = {
			isa = PBXGroup;
			children = (
				3454DF36229AF56200EA3592 /* Scene.swift */,
				34816CCC229C800800000724 /* Scene+Instantiate.swift */,
				3454DF37229AF56200EA3592 /* SceneCoordinator.swift */,
				3454DF35229AF56200EA3592 /* SceneCoordinatorType.swift */,
				3454DF38229AF56200EA3592 /* SceneTransitionType.swift */,
			);
			path = Coordinator;
			sourceTree = "<group>";
		};
		3454DF3D229AF5BD00EA3592 /* Utils */ = {
			isa = PBXGroup;
			children = (
				34816CE4229DA9B900000724 /* Reloadable.swift */,
				3409098D22A14A02007A1062 /* PhotoLibraryManager.swift */,
				3409098F22A14C2C007A1062 /* CustomHUD.swift */,
				3409099122A14CE4007A1062 /* AlertPresenter.swift */,
				340909B122A2FFED007A1062 /* Enum */,
				340909AE22A2FF55007A1062 /* Authentication */,
				3409096A22A07CA7007A1062 /* Custom Views */,
				34816CE6229DAA3A00000724 /* Cell Configurator */,
				34816CDD229DA1BF00000724 /* DataSourceProviders */,
				3454DF3E229AF5C800EA3592 /* Extensions */,
			);
			path = Utils;
			sourceTree = "<group>";
		};
		3454DF3E229AF5C800EA3592 /* Extensions */ = {
			isa = PBXGroup;
			children = (
				3409097922A08E28007A1062 /* CG */,
				342EF611229F329C00B3E6EC /* UIColor */,
				3454DF43229AF5D900EA3592 /* Identifiable */,
				3454DF3F229AF5D900EA3592 /* View */,
			);
			path = Extensions;
			sourceTree = "<group>";
		};
		3454DF3F229AF5D900EA3592 /* View */ = {
			isa = PBXGroup;
			children = (
				3454DF40229AF5D900EA3592 /* Style+UIButton.swift */,
				3454DF41229AF5D900EA3592 /* UIView+AutoLayout.swift */,
				3454DF42229AF5D900EA3592 /* Style.swift */,
				34816CCE229C82F300000724 /* UITableView+GenericDequeue.swift */,
				342EF60B229F232500B3E6EC /* UITableView+isLoadingCell.swift */,
				3409099D22A156D4007A1062 /* UICollectionView+GenericDequeue.swift */,
			);
			path = View;
			sourceTree = "<group>";
		};
		3454DF43229AF5D900EA3592 /* Identifiable */ = {
			isa = PBXGroup;
			children = (
				3454DF44229AF5D900EA3592 /* ClassIdentifiable.swift */,
				3454DF45229AF5D900EA3592 /* IdentifiableType.swift */,
				3454DF46229AF5D900EA3592 /* UICollectionView+NibIdentifiable.swift */,
				3454DF47229AF5D900EA3592 /* NibIdentifiable.swift */,
			);
			path = Identifiable;
			sourceTree = "<group>";
		};
		34816CAF229C799600000724 /* Services */ = {
			isa = PBXGroup;
			children = (
				340909AD22A2FE66007A1062 /* User */,
				3409096822A077D4007A1062 /* CoreDependencies.swift */,
				342EF5FA229F1D0000B3E6EC /* Photos */,
				342EF5F7229F1CF200B3E6EC /* Collections */,
			);
			path = Services;
			sourceTree = "<group>";
		};
		34816CB3229C79DA00000724 /* ResourceType */ = {
			isa = PBXGroup;
			children = (
				34816CB4229C79E400000724 /* Unsplash.swift */,
			);
			path = ResourceType;
			sourceTree = "<group>";
		};
		34816CB6229C7A0D00000724 /* Collections */ = {
			isa = PBXGroup;
			children = (
				34816CD5229C97A700000724 /* DataSourceProvider */,
				34816CD4229C97A400000724 /* Cell */,
				3454DEED229AF2D600EA3592 /* CollectionsViewController.swift */,
				34816CAD229C794300000724 /* CollectionsViewController.xib */,
			);
			path = Collections;
			sourceTree = "<group>";
		};
		34816CB7229C7D1E00000724 /* Models */ = {
			isa = PBXGroup;
			children = (
				342EF606229F1F9200B3E6EC /* TableViewItem */,
				34816CB8229C7D1E00000724 /* ImageURLs.swift */,
				34816CB9229C7D1E00000724 /* Links.swift */,
				34816CBA229C7D1E00000724 /* Exif.swift */,
				34816CBB229C7D1E00000724 /* User.swift */,
				34816CBC229C7D1E00000724 /* Photo.swift */,
				34816CBD229C7D1E00000724 /* ProfileImage.swift */,
				34816CBE229C7D1E00000724 /* Category.swift */,
				34816CBF229C7D1E00000724 /* PhotoCollection.swift */,
				34816CC0229C7D1E00000724 /* Position.swift */,
				340909B522A30088007A1062 /* UnsplashAuthError.swift */,
				340909B722A30098007A1062 /* UnsplashAccessToken.swift */,
			);
			path = Models;
			sourceTree = "<group>";
		};
		34816CD4229C97A400000724 /* Cell */ = {
			isa = PBXGroup;
			children = (
				342EF5F3229F0F8500B3E6EC /* CollectionsViewCellConfigurator.swift */,
				34816CEC229DADCE00000724 /* CollectionsViewTableViewCell.swift */,
				34816CEE229DAEC600000724 /* CollectionsViewTableViewCell.xib */,
			);
			path = Cell;
			sourceTree = "<group>";
		};
		34816CD5229C97A700000724 /* DataSourceProvider */ = {
			isa = PBXGroup;
			children = (
				34816CDB229D9E8000000724 /* CollectionsViewDataSourceProvider.swift */,
			);
			path = DataSourceProvider;
			sourceTree = "<group>";
		};
		34816CDD229DA1BF00000724 /* DataSourceProviders */ = {
			isa = PBXGroup;
			children = (
				34816CDE229DA1CC00000724 /* TableViewDataSourceProvider.swift */,
				3409099822A155E3007A1062 /* CollectionViewDataSourceProvider.swift */,
			);
			path = DataSourceProviders;
			sourceTree = "<group>";
		};
		34816CE6229DAA3A00000724 /* Cell Configurator */ = {
			isa = PBXGroup;
			children = (
				34816CE7229DAA4600000724 /* CellConfigurator.swift */,
			);
			path = "Cell Configurator";
			sourceTree = "<group>";
		};
		349CE4488C1CF332029885C2 /* Pods */ = {
			isa = PBXGroup;
			children = (
				CF054CA9BD7EE8631048F6CB /* Pods-Splashr-X.debug.xcconfig */,
				D1F9BCF0F0D03BD0E97615E7 /* Pods-Splashr-X.release.xcconfig */,
				24FDE50D91FB1DDA7649C758 /* Pods-Splashr-XTests.debug.xcconfig */,
				2BCD92A915B767D7B0718D82 /* Pods-Splashr-XTests.release.xcconfig */,
				32BCF80BDEDF5013FF4D92A6 /* Pods-Splashr-XUITests.debug.xcconfig */,
				A09189916420B8B1F662287E /* Pods-Splashr-XUITests.release.xcconfig */,
			);
			path = Pods;
			sourceTree = "<group>";
		};
		9CCE9A71BEF03FBE41CC4D9E /* Frameworks */ = {
			isa = PBXGroup;
			children = (
				9D3D70A4C2FC3B0206B6A3A6 /* Pods_Splashr_X.framework */,
				D722F71B279A92633ADF7CDB /* Pods_Splashr_XTests.framework */,
				DF9990A51ED857276914EAE2 /* Pods_Splashr_XUITests.framework */,
			);
			name = Frameworks;
			sourceTree = "<group>";
		};
/* End PBXGroup section */

/* Begin PBXNativeTarget section */
		3454DEE7229AF2D600EA3592 /* Splashr-X */ = {
			isa = PBXNativeTarget;
			buildConfigurationList = 3454DF10229AF2D700EA3592 /* Build configuration list for PBXNativeTarget "Splashr-X" */;
			buildPhases = (
				37E596DD26641FA0A62FE1FF /* [CP] Check Pods Manifest.lock */,
				3454DEE4229AF2D600EA3592 /* Sources */,
				3454DEE5229AF2D600EA3592 /* Frameworks */,
				3454DEE6229AF2D600EA3592 /* Resources */,
				D98DA9F9F9FD411151052AF3 /* [CP] Embed Pods Frameworks */,
			);
			buildRules = (
			);
			dependencies = (
			);
			name = "Splashr-X";
			productName = "Splashr-X";
			productReference = 3454DEE8229AF2D600EA3592 /* Splashr-X.app */;
			productType = "com.apple.product-type.application";
		};
		3454DEFB229AF2D700EA3592 /* Splashr-XTests */ = {
			isa = PBXNativeTarget;
			buildConfigurationList = 3454DF13229AF2D700EA3592 /* Build configuration list for PBXNativeTarget "Splashr-XTests" */;
			buildPhases = (
				1937FF296EFF248AECD22D60 /* [CP] Check Pods Manifest.lock */,
				3454DEF8229AF2D700EA3592 /* Sources */,
				3454DEF9229AF2D700EA3592 /* Frameworks */,
				3454DEFA229AF2D700EA3592 /* Resources */,
			);
			buildRules = (
			);
			dependencies = (
				3454DEFE229AF2D700EA3592 /* PBXTargetDependency */,
			);
			name = "Splashr-XTests";
			productName = "Splashr-XTests";
			productReference = 3454DEFC229AF2D700EA3592 /* Splashr-XTests.xctest */;
			productType = "com.apple.product-type.bundle.unit-test";
		};
		3454DF06229AF2D700EA3592 /* Splashr-XUITests */ = {
			isa = PBXNativeTarget;
			buildConfigurationList = 3454DF16229AF2D700EA3592 /* Build configuration list for PBXNativeTarget "Splashr-XUITests" */;
			buildPhases = (
				E11F7F18D7ACCB6DF22EFA59 /* [CP] Check Pods Manifest.lock */,
				3454DF03229AF2D700EA3592 /* Sources */,
				3454DF04229AF2D700EA3592 /* Frameworks */,
				3454DF05229AF2D700EA3592 /* Resources */,
			);
			buildRules = (
			);
			dependencies = (
				3454DF09229AF2D700EA3592 /* PBXTargetDependency */,
			);
			name = "Splashr-XUITests";
			productName = "Splashr-XUITests";
			productReference = 3454DF07229AF2D700EA3592 /* Splashr-XUITests.xctest */;
			productType = "com.apple.product-type.bundle.ui-testing";
		};
/* End PBXNativeTarget section */

/* Begin PBXProject section */
		3454DEE0229AF2D600EA3592 /* Project object */ = {
			isa = PBXProject;
			attributes = {
				LastSwiftUpdateCheck = 1020;
				LastUpgradeCheck = 1020;
				ORGANIZATIONNAME = "Giancarlo Buenaflor";
				TargetAttributes = {
					3454DEE7229AF2D600EA3592 = {
						CreatedOnToolsVersion = 10.2.1;
					};
					3454DEFB229AF2D700EA3592 = {
						CreatedOnToolsVersion = 10.2.1;
						TestTargetID = 3454DEE7229AF2D600EA3592;
					};
					3454DF06229AF2D700EA3592 = {
						CreatedOnToolsVersion = 10.2.1;
						TestTargetID = 3454DEE7229AF2D600EA3592;
					};
				};
			};
			buildConfigurationList = 3454DEE3229AF2D600EA3592 /* Build configuration list for PBXProject "Splashr-X" */;
			compatibilityVersion = "Xcode 9.3";
			developmentRegion = en;
			hasScannedForEncodings = 0;
			knownRegions = (
				en,
				Base,
			);
			mainGroup = 3454DEDF229AF2D600EA3592;
			productRefGroup = 3454DEE9229AF2D600EA3592 /* Products */;
			projectDirPath = "";
			projectRoot = "";
			targets = (
				3454DEE7229AF2D600EA3592 /* Splashr-X */,
				3454DEFB229AF2D700EA3592 /* Splashr-XTests */,
				3454DF06229AF2D700EA3592 /* Splashr-XUITests */,
			);
		};
/* End PBXProject section */

/* Begin PBXResourcesBuildPhase section */
		3454DEE6229AF2D600EA3592 /* Resources */ = {
			isa = PBXResourcesBuildPhase;
			buildActionMask = 2147483647;
			files = (
				3409099722A154D9007A1062 /* LoginViewController.xib in Resources */,
				34816CEF229DAEC600000724 /* CollectionsViewTableViewCell.xib in Resources */,
				342EF610229F240100B3E6EC /* PhotosViewTableViewCell.xib in Resources */,
				3454DEF6229AF2D700EA3592 /* LaunchScreen.storyboard in Resources */,
				3454DEF3229AF2D700EA3592 /* Assets.xcassets in Resources */,
				342EF601229F1F2500B3E6EC /* PhotosViewController.xib in Resources */,
				34816CAE229C794300000724 /* CollectionsViewController.xib in Resources */,
				3409098522A09470007A1062 /* PhotoDetailsViewController.xib in Resources */,
			);
			runOnlyForDeploymentPostprocessing = 0;
		};
		3454DEFA229AF2D700EA3592 /* Resources */ = {
			isa = PBXResourcesBuildPhase;
			buildActionMask = 2147483647;
			files = (
			);
			runOnlyForDeploymentPostprocessing = 0;
		};
		3454DF05229AF2D700EA3592 /* Resources */ = {
			isa = PBXResourcesBuildPhase;
			buildActionMask = 2147483647;
			files = (
			);
			runOnlyForDeploymentPostprocessing = 0;
		};
/* End PBXResourcesBuildPhase section */

/* Begin PBXShellScriptBuildPhase section */
		1937FF296EFF248AECD22D60 /* [CP] Check Pods Manifest.lock */ = {
			isa = PBXShellScriptBuildPhase;
			buildActionMask = 2147483647;
			files = (
			);
			inputFileListPaths = (
			);
			inputPaths = (
				"${PODS_PODFILE_DIR_PATH}/Podfile.lock",
				"${PODS_ROOT}/Manifest.lock",
			);
			name = "[CP] Check Pods Manifest.lock";
			outputFileListPaths = (
			);
			outputPaths = (
				"$(DERIVED_FILE_DIR)/Pods-Splashr-XTests-checkManifestLockResult.txt",
			);
			runOnlyForDeploymentPostprocessing = 0;
			shellPath = /bin/sh;
			shellScript = "diff \"${PODS_PODFILE_DIR_PATH}/Podfile.lock\" \"${PODS_ROOT}/Manifest.lock\" > /dev/null\nif [ $? != 0 ] ; then\n    # print error to STDERR\n    echo \"error: The sandbox is not in sync with the Podfile.lock. Run 'pod install' or update your CocoaPods installation.\" >&2\n    exit 1\nfi\n# This output is used by Xcode 'outputs' to avoid re-running this script phase.\necho \"SUCCESS\" > \"${SCRIPT_OUTPUT_FILE_0}\"\n";
			showEnvVarsInLog = 0;
		};
		37E596DD26641FA0A62FE1FF /* [CP] Check Pods Manifest.lock */ = {
			isa = PBXShellScriptBuildPhase;
			buildActionMask = 2147483647;
			files = (
			);
			inputFileListPaths = (
			);
			inputPaths = (
				"${PODS_PODFILE_DIR_PATH}/Podfile.lock",
				"${PODS_ROOT}/Manifest.lock",
			);
			name = "[CP] Check Pods Manifest.lock";
			outputFileListPaths = (
			);
			outputPaths = (
				"$(DERIVED_FILE_DIR)/Pods-Splashr-X-checkManifestLockResult.txt",
			);
			runOnlyForDeploymentPostprocessing = 0;
			shellPath = /bin/sh;
			shellScript = "diff \"${PODS_PODFILE_DIR_PATH}/Podfile.lock\" \"${PODS_ROOT}/Manifest.lock\" > /dev/null\nif [ $? != 0 ] ; then\n    # print error to STDERR\n    echo \"error: The sandbox is not in sync with the Podfile.lock. Run 'pod install' or update your CocoaPods installation.\" >&2\n    exit 1\nfi\n# This output is used by Xcode 'outputs' to avoid re-running this script phase.\necho \"SUCCESS\" > \"${SCRIPT_OUTPUT_FILE_0}\"\n";
			showEnvVarsInLog = 0;
		};
		D98DA9F9F9FD411151052AF3 /* [CP] Embed Pods Frameworks */ = {
			isa = PBXShellScriptBuildPhase;
			buildActionMask = 2147483647;
			files = (
			);
			inputFileListPaths = (
			);
			inputPaths = (
				"${PODS_ROOT}/Target Support Files/Pods-Splashr-X/Pods-Splashr-X-frameworks.sh",
				"${BUILT_PRODUCTS_DIR}/Nuke/Nuke.framework",
				"${BUILT_PRODUCTS_DIR}/PKHUD/PKHUD.framework",
			);
			name = "[CP] Embed Pods Frameworks";
			outputFileListPaths = (
			);
			outputPaths = (
				"${TARGET_BUILD_DIR}/${FRAMEWORKS_FOLDER_PATH}/Nuke.framework",
				"${TARGET_BUILD_DIR}/${FRAMEWORKS_FOLDER_PATH}/PKHUD.framework",
			);
			runOnlyForDeploymentPostprocessing = 0;
			shellPath = /bin/sh;
			shellScript = "\"${PODS_ROOT}/Target Support Files/Pods-Splashr-X/Pods-Splashr-X-frameworks.sh\"\n";
			showEnvVarsInLog = 0;
		};
		E11F7F18D7ACCB6DF22EFA59 /* [CP] Check Pods Manifest.lock */ = {
			isa = PBXShellScriptBuildPhase;
			buildActionMask = 2147483647;
			files = (
			);
			inputFileListPaths = (
			);
			inputPaths = (
				"${PODS_PODFILE_DIR_PATH}/Podfile.lock",
				"${PODS_ROOT}/Manifest.lock",
			);
			name = "[CP] Check Pods Manifest.lock";
			outputFileListPaths = (
			);
			outputPaths = (
				"$(DERIVED_FILE_DIR)/Pods-Splashr-XUITests-checkManifestLockResult.txt",
			);
			runOnlyForDeploymentPostprocessing = 0;
			shellPath = /bin/sh;
			shellScript = "diff \"${PODS_PODFILE_DIR_PATH}/Podfile.lock\" \"${PODS_ROOT}/Manifest.lock\" > /dev/null\nif [ $? != 0 ] ; then\n    # print error to STDERR\n    echo \"error: The sandbox is not in sync with the Podfile.lock. Run 'pod install' or update your CocoaPods installation.\" >&2\n    exit 1\nfi\n# This output is used by Xcode 'outputs' to avoid re-running this script phase.\necho \"SUCCESS\" > \"${SCRIPT_OUTPUT_FILE_0}\"\n";
			showEnvVarsInLog = 0;
		};
/* End PBXShellScriptBuildPhase section */

/* Begin PBXSourcesBuildPhase section */
		3454DEE4229AF2D600EA3592 /* Sources */ = {
			isa = PBXSourcesBuildPhase;
			buildActionMask = 2147483647;
			files = (
				3409097322A088C9007A1062 /* PhotosViewController+PhotoDetailsTransitionAnimatorDelegate.swift in Sources */,
				340909B822A30098007A1062 /* UnsplashAccessToken.swift in Sources */,
				342EF60A229F20F500B3E6EC /* PhotosViewCellConfigurator.swift in Sources */,
				34816CE5229DA9B900000724 /* Reloadable.swift in Sources */,
				34816CC2229C7D1E00000724 /* Links.swift in Sources */,
				3454DF4C229AF5D900EA3592 /* IdentifiableType.swift in Sources */,
				34816CCF229C82F300000724 /* UITableView+GenericDequeue.swift in Sources */,
				342EF605229F1F6F00B3E6EC /* PhotosViewDataSourceProvider.swift in Sources */,
				34816CDF229DA1CC00000724 /* TableViewDataSourceProvider.swift in Sources */,
				3454DEEE229AF2D600EA3592 /* CollectionsViewController.swift in Sources */,
				3454DF4E229AF5D900EA3592 /* NibIdentifiable.swift in Sources */,
				34816CC4229C7D1E00000724 /* User.swift in Sources */,
				3454DF4D229AF5D900EA3592 /* UICollectionView+NibIdentifiable.swift in Sources */,
				3454DF29229AF41F00EA3592 /* URLRequest+Extensions.swift in Sources */,
				3409098222A08FC2007A1062 /* AnimatableNavigationController.swift in Sources */,
				3409098E22A14A02007A1062 /* PhotoLibraryManager.swift in Sources */,
				3454DF3B229AF56200EA3592 /* SceneCoordinator.swift in Sources */,
				3409098C22A140C9007A1062 /* ImageZoomScrollView.swift in Sources */,
				3409097622A089BE007A1062 /* PhotoDetailsPushTransition.swift in Sources */,
				34816CB5229C79E400000724 /* Unsplash.swift in Sources */,
				342EF5F4229F0F8500B3E6EC /* CollectionsViewCellConfigurator.swift in Sources */,
				3454DF39229AF56200EA3592 /* SceneCoordinatorType.swift in Sources */,
				3454DF33229AF41F00EA3592 /* URLSessionManager.swift in Sources */,
				34816CC7229C7D1E00000724 /* Category.swift in Sources */,
				342EF5FC229F1D1D00B3E6EC /* PhotosReposType.swift in Sources */,
				3454DF49229AF5D900EA3592 /* UIView+AutoLayout.swift in Sources */,
				3454DF3A229AF56200EA3592 /* Scene.swift in Sources */,
				3409099922A155E3007A1062 /* CollectionViewDataSourceProvider.swift in Sources */,
				3409099E22A156D4007A1062 /* UICollectionView+GenericDequeue.swift in Sources */,
				3454DF30229AF41F00EA3592 /* HTTPNetworkingType.swift in Sources */,
				3409097822A089FD007A1062 /* PhotoDetailsTransitionAnimatorDelegate.swift in Sources */,
				34816CB1229C79A900000724 /* CollectionsRepo.swift in Sources */,
				34816CE8229DAA4600000724 /* CellConfigurator.swift in Sources */,
				34816CC8229C7D1E00000724 /* PhotoCollection.swift in Sources */,
				3409097122A082B2007A1062 /* PhotoDetailsViewController.swift in Sources */,
				3454DEEC229AF2D600EA3592 /* AppDelegate.swift in Sources */,
				34816CC5229C7D1E00000724 /* Photo.swift in Sources */,
				3454DF28229AF41F00EA3592 /* URLSession+Extensions.swift in Sources */,
				3409098722A09814007A1062 /* PhotoDetailsPopTransition.swift in Sources */,
				34816CDC229D9E8000000724 /* CollectionsViewDataSourceProvider.swift in Sources */,
				340909A122A15A81007A1062 /* LoginImagePreviewCollectionViewCell.swift in Sources */,
				3454DF2C229AF41F00EA3592 /* HTTPNetworking.swift in Sources */,
				34816CC6229C7D1E00000724 /* ProfileImage.swift in Sources */,
				3409099222A14CE4007A1062 /* AlertPresenter.swift in Sources */,
				342EF5F6229F1C7000B3E6EC /* PhotosRepo.swift in Sources */,
				340909B622A30088007A1062 /* UnsplashAuthError.swift in Sources */,
				3454DF2D229AF41F00EA3592 /* URL+Extensions.swift in Sources */,
				342EF608229F1FA300B3E6EC /* Photo+TableViewItem.swift in Sources */,
				3409096922A077D4007A1062 /* CoreDependencies.swift in Sources */,
				3409097F22A08E75007A1062 /* CGFloat+scaleAndShift.swift in Sources */,
				3409098A22A0A89A007A1062 /* PhotoDetailsViewController+PhotoDetailsTransitionAnimatorDelegate.swift in Sources */,
				342EF613229F32AB00B3E6EC /* UIColor+HexValues.swift in Sources */,
				3454DF2F229AF41F00EA3592 /* URLEncoding.swift in Sources */,
				342EF60E229F23CE00B3E6EC /* PhotosViewTableViewCell.swift in Sources */,
				340909AA22A2EBE6007A1062 /* DismissAnimator.swift in Sources */,
				342EF5FF229F1E3600B3E6EC /* PhotosViewController.swift in Sources */,
				3454DF32229AF41F00EA3592 /* AnyEncodable.swift in Sources */,
				342EF616229F351A00B3E6EC /* Configuration.swift in Sources */,
				3454DF2A229AF41F00EA3592 /* Response.swift in Sources */,
				34816CC9229C7D1E00000724 /* Position.swift in Sources */,
				3454DF2E229AF41F00EA3592 /* Task.swift in Sources */,
				3409099B22A15621007A1062 /* LoginViewDataSourceProvider.swift in Sources */,
				340909A322A1D41E007A1062 /* PhotoDetailsInteractiveDismissTransition.swift in Sources */,
				340909AC22A2EC1D007A1062 /* DismissInteractor.swift in Sources */,
				34816CCD229C800800000724 /* Scene+Instantiate.swift in Sources */,
				34816CE1229DA1F500000724 /* PhotoCollection+TableViewItem.swift in Sources */,
				340909B422A2FFFD007A1062 /* Scope.swift in Sources */,
				3409099022A14C2C007A1062 /* CustomHUD.swift in Sources */,
				3409097D22A08E55007A1062 /* CGSize+pixelSize.swift in Sources */,
				342EF5F9229F1CFB00B3E6EC /* CollectionsRepoType.swift in Sources */,
				3454DF31229AF41F00EA3592 /* Endpoint.swift in Sources */,
				3454DF2B229AF41F00EA3592 /* ResourceType.swift in Sources */,
				342EF60C229F232500B3E6EC /* UITableView+isLoadingCell.swift in Sources */,
				3409099522A154C3007A1062 /* LoginViewController.swift in Sources */,
				3454DF4B229AF5D900EA3592 /* ClassIdentifiable.swift in Sources */,
				34816CC3229C7D1E00000724 /* Exif.swift in Sources */,
				3454DF3C229AF56200EA3592 /* SceneTransitionType.swift in Sources */,
				342EF61922A0747B00B3E6EC /* TabBarController.swift in Sources */,
				34816CED229DADCE00000724 /* CollectionsViewTableViewCell.swift in Sources */,
				340909B022A2FF6B007A1062 /* UnsplashAuthenticationManager.swift in Sources */,
				3454DF4A229AF5D900EA3592 /* Style.swift in Sources */,
				3409096C22A07CB1007A1062 /* VerticalTopAlignLabel.swift in Sources */,
				3454DF48229AF5D900EA3592 /* Style+UIButton.swift in Sources */,
				3409097B22A08E40007A1062 /* CGRect+makeRect.swift in Sources */,
				3409096E22A0802B007A1062 /* PhotosViewController+ActionHandlers.swift in Sources */,
				34816CC1229C7D1E00000724 /* ImageURLs.swift in Sources */,
			);
			runOnlyForDeploymentPostprocessing = 0;
		};
		3454DEF8229AF2D700EA3592 /* Sources */ = {
			isa = PBXSourcesBuildPhase;
			buildActionMask = 2147483647;
			files = (
				3454DF01229AF2D700EA3592 /* Splashr_XTests.swift in Sources */,
			);
			runOnlyForDeploymentPostprocessing = 0;
		};
		3454DF03229AF2D700EA3592 /* Sources */ = {
			isa = PBXSourcesBuildPhase;
			buildActionMask = 2147483647;
			files = (
				3454DF0C229AF2D700EA3592 /* Splashr_XUITests.swift in Sources */,
			);
			runOnlyForDeploymentPostprocessing = 0;
		};
/* End PBXSourcesBuildPhase section */

/* Begin PBXTargetDependency section */
		3454DEFE229AF2D700EA3592 /* PBXTargetDependency */ = {
			isa = PBXTargetDependency;
			target = 3454DEE7229AF2D600EA3592 /* Splashr-X */;
			targetProxy = 3454DEFD229AF2D700EA3592 /* PBXContainerItemProxy */;
		};
		3454DF09229AF2D700EA3592 /* PBXTargetDependency */ = {
			isa = PBXTargetDependency;
			target = 3454DEE7229AF2D600EA3592 /* Splashr-X */;
			targetProxy = 3454DF08229AF2D700EA3592 /* PBXContainerItemProxy */;
		};
/* End PBXTargetDependency section */

/* Begin PBXVariantGroup section */
		3454DEF4229AF2D700EA3592 /* LaunchScreen.storyboard */ = {
			isa = PBXVariantGroup;
			children = (
				3454DEF5229AF2D700EA3592 /* Base */,
			);
			name = LaunchScreen.storyboard;
			sourceTree = "<group>";
		};
/* End PBXVariantGroup section */

/* Begin XCBuildConfiguration section */
		3454DF0E229AF2D700EA3592 /* Debug */ = {
			isa = XCBuildConfiguration;
			buildSettings = {
				ALWAYS_SEARCH_USER_PATHS = NO;
				CLANG_ANALYZER_NONNULL = YES;
				CLANG_ANALYZER_NUMBER_OBJECT_CONVERSION = YES_AGGRESSIVE;
				CLANG_CXX_LANGUAGE_STANDARD = "gnu++14";
				CLANG_CXX_LIBRARY = "libc++";
				CLANG_ENABLE_MODULES = YES;
				CLANG_ENABLE_OBJC_ARC = YES;
				CLANG_ENABLE_OBJC_WEAK = YES;
				CLANG_WARN_BLOCK_CAPTURE_AUTORELEASING = YES;
				CLANG_WARN_BOOL_CONVERSION = YES;
				CLANG_WARN_COMMA = YES;
				CLANG_WARN_CONSTANT_CONVERSION = YES;
				CLANG_WARN_DEPRECATED_OBJC_IMPLEMENTATIONS = YES;
				CLANG_WARN_DIRECT_OBJC_ISA_USAGE = YES_ERROR;
				CLANG_WARN_DOCUMENTATION_COMMENTS = YES;
				CLANG_WARN_EMPTY_BODY = YES;
				CLANG_WARN_ENUM_CONVERSION = YES;
				CLANG_WARN_INFINITE_RECURSION = YES;
				CLANG_WARN_INT_CONVERSION = YES;
				CLANG_WARN_NON_LITERAL_NULL_CONVERSION = YES;
				CLANG_WARN_OBJC_IMPLICIT_RETAIN_SELF = YES;
				CLANG_WARN_OBJC_LITERAL_CONVERSION = YES;
				CLANG_WARN_OBJC_ROOT_CLASS = YES_ERROR;
				CLANG_WARN_RANGE_LOOP_ANALYSIS = YES;
				CLANG_WARN_STRICT_PROTOTYPES = YES;
				CLANG_WARN_SUSPICIOUS_MOVE = YES;
				CLANG_WARN_UNGUARDED_AVAILABILITY = YES_AGGRESSIVE;
				CLANG_WARN_UNREACHABLE_CODE = YES;
				CLANG_WARN__DUPLICATE_METHOD_MATCH = YES;
				CODE_SIGN_IDENTITY = "iPhone Developer";
				COPY_PHASE_STRIP = NO;
				DEBUG_INFORMATION_FORMAT = dwarf;
				ENABLE_STRICT_OBJC_MSGSEND = YES;
				ENABLE_TESTABILITY = YES;
				GCC_C_LANGUAGE_STANDARD = gnu11;
				GCC_DYNAMIC_NO_PIC = NO;
				GCC_NO_COMMON_BLOCKS = YES;
				GCC_OPTIMIZATION_LEVEL = 0;
				GCC_PREPROCESSOR_DEFINITIONS = (
					"DEBUG=1",
					"$(inherited)",
				);
				GCC_WARN_64_TO_32_BIT_CONVERSION = YES;
				GCC_WARN_ABOUT_RETURN_TYPE = YES_ERROR;
				GCC_WARN_UNDECLARED_SELECTOR = YES;
				GCC_WARN_UNINITIALIZED_AUTOS = YES_AGGRESSIVE;
				GCC_WARN_UNUSED_FUNCTION = YES;
				GCC_WARN_UNUSED_VARIABLE = YES;
				IPHONEOS_DEPLOYMENT_TARGET = 12.2;
				MTL_ENABLE_DEBUG_INFO = INCLUDE_SOURCE;
				MTL_FAST_MATH = YES;
				ONLY_ACTIVE_ARCH = YES;
				SDKROOT = iphoneos;
				SWIFT_ACTIVE_COMPILATION_CONDITIONS = DEBUG;
				SWIFT_OPTIMIZATION_LEVEL = "-Onone";
			};
			name = Debug;
		};
		3454DF0F229AF2D700EA3592 /* Release */ = {
			isa = XCBuildConfiguration;
			buildSettings = {
				ALWAYS_SEARCH_USER_PATHS = NO;
				CLANG_ANALYZER_NONNULL = YES;
				CLANG_ANALYZER_NUMBER_OBJECT_CONVERSION = YES_AGGRESSIVE;
				CLANG_CXX_LANGUAGE_STANDARD = "gnu++14";
				CLANG_CXX_LIBRARY = "libc++";
				CLANG_ENABLE_MODULES = YES;
				CLANG_ENABLE_OBJC_ARC = YES;
				CLANG_ENABLE_OBJC_WEAK = YES;
				CLANG_WARN_BLOCK_CAPTURE_AUTORELEASING = YES;
				CLANG_WARN_BOOL_CONVERSION = YES;
				CLANG_WARN_COMMA = YES;
				CLANG_WARN_CONSTANT_CONVERSION = YES;
				CLANG_WARN_DEPRECATED_OBJC_IMPLEMENTATIONS = YES;
				CLANG_WARN_DIRECT_OBJC_ISA_USAGE = YES_ERROR;
				CLANG_WARN_DOCUMENTATION_COMMENTS = YES;
				CLANG_WARN_EMPTY_BODY = YES;
				CLANG_WARN_ENUM_CONVERSION = YES;
				CLANG_WARN_INFINITE_RECURSION = YES;
				CLANG_WARN_INT_CONVERSION = YES;
				CLANG_WARN_NON_LITERAL_NULL_CONVERSION = YES;
				CLANG_WARN_OBJC_IMPLICIT_RETAIN_SELF = YES;
				CLANG_WARN_OBJC_LITERAL_CONVERSION = YES;
				CLANG_WARN_OBJC_ROOT_CLASS = YES_ERROR;
				CLANG_WARN_RANGE_LOOP_ANALYSIS = YES;
				CLANG_WARN_STRICT_PROTOTYPES = YES;
				CLANG_WARN_SUSPICIOUS_MOVE = YES;
				CLANG_WARN_UNGUARDED_AVAILABILITY = YES_AGGRESSIVE;
				CLANG_WARN_UNREACHABLE_CODE = YES;
				CLANG_WARN__DUPLICATE_METHOD_MATCH = YES;
				CODE_SIGN_IDENTITY = "iPhone Developer";
				COPY_PHASE_STRIP = NO;
				DEBUG_INFORMATION_FORMAT = "dwarf-with-dsym";
				ENABLE_NS_ASSERTIONS = NO;
				ENABLE_STRICT_OBJC_MSGSEND = YES;
				GCC_C_LANGUAGE_STANDARD = gnu11;
				GCC_NO_COMMON_BLOCKS = YES;
				GCC_WARN_64_TO_32_BIT_CONVERSION = YES;
				GCC_WARN_ABOUT_RETURN_TYPE = YES_ERROR;
				GCC_WARN_UNDECLARED_SELECTOR = YES;
				GCC_WARN_UNINITIALIZED_AUTOS = YES_AGGRESSIVE;
				GCC_WARN_UNUSED_FUNCTION = YES;
				GCC_WARN_UNUSED_VARIABLE = YES;
				IPHONEOS_DEPLOYMENT_TARGET = 12.2;
				MTL_ENABLE_DEBUG_INFO = NO;
				MTL_FAST_MATH = YES;
				SDKROOT = iphoneos;
				SWIFT_COMPILATION_MODE = wholemodule;
				SWIFT_OPTIMIZATION_LEVEL = "-O";
				VALIDATE_PRODUCT = YES;
			};
			name = Release;
		};
		3454DF11229AF2D700EA3592 /* Debug */ = {
			isa = XCBuildConfiguration;
			baseConfigurationReference = CF054CA9BD7EE8631048F6CB /* Pods-Splashr-X.debug.xcconfig */;
			buildSettings = {
				ASSETCATALOG_COMPILER_APPICON_NAME = AppIcon;
				CODE_SIGN_STYLE = Automatic;
				DEVELOPMENT_TEAM = 26NXGYG734;
				INFOPLIST_FILE = "Splashr-X/Info.plist";
				LD_RUNPATH_SEARCH_PATHS = (
					"$(inherited)",
					"@executable_path/Frameworks",
				);
				PRODUCT_BUNDLE_IDENTIFIER = "com.giancarlobuenaflor.Splashr-X";
				PRODUCT_NAME = "$(TARGET_NAME)";
				SWIFT_VERSION = 5.0;
				TARGETED_DEVICE_FAMILY = "1,2";
			};
			name = Debug;
		};
		3454DF12229AF2D700EA3592 /* Release */ = {
			isa = XCBuildConfiguration;
			baseConfigurationReference = D1F9BCF0F0D03BD0E97615E7 /* Pods-Splashr-X.release.xcconfig */;
			buildSettings = {
				ASSETCATALOG_COMPILER_APPICON_NAME = AppIcon;
				CODE_SIGN_STYLE = Automatic;
				DEVELOPMENT_TEAM = 26NXGYG734;
				INFOPLIST_FILE = "Splashr-X/Info.plist";
				LD_RUNPATH_SEARCH_PATHS = (
					"$(inherited)",
					"@executable_path/Frameworks",
				);
				PRODUCT_BUNDLE_IDENTIFIER = "com.giancarlobuenaflor.Splashr-X";
				PRODUCT_NAME = "$(TARGET_NAME)";
				SWIFT_VERSION = 5.0;
				TARGETED_DEVICE_FAMILY = "1,2";
			};
			name = Release;
		};
		3454DF14229AF2D700EA3592 /* Debug */ = {
			isa = XCBuildConfiguration;
			baseConfigurationReference = 24FDE50D91FB1DDA7649C758 /* Pods-Splashr-XTests.debug.xcconfig */;
			buildSettings = {
				ALWAYS_EMBED_SWIFT_STANDARD_LIBRARIES = YES;
				BUNDLE_LOADER = "$(TEST_HOST)";
				CODE_SIGN_STYLE = Automatic;
				DEVELOPMENT_TEAM = CR332YLA9N;
				INFOPLIST_FILE = "Splashr-XTests/Info.plist";
				LD_RUNPATH_SEARCH_PATHS = (
					"$(inherited)",
					"@executable_path/Frameworks",
					"@loader_path/Frameworks",
				);
				PRODUCT_BUNDLE_IDENTIFIER = "com.giancarlobuenaflor.Splashr-XTests";
				PRODUCT_NAME = "$(TARGET_NAME)";
				SWIFT_VERSION = 5.0;
				TARGETED_DEVICE_FAMILY = "1,2";
				TEST_HOST = "$(BUILT_PRODUCTS_DIR)/Splashr-X.app/Splashr-X";
			};
			name = Debug;
		};
		3454DF15229AF2D700EA3592 /* Release */ = {
			isa = XCBuildConfiguration;
			baseConfigurationReference = 2BCD92A915B767D7B0718D82 /* Pods-Splashr-XTests.release.xcconfig */;
			buildSettings = {
				ALWAYS_EMBED_SWIFT_STANDARD_LIBRARIES = YES;
				BUNDLE_LOADER = "$(TEST_HOST)";
				CODE_SIGN_STYLE = Automatic;
				DEVELOPMENT_TEAM = CR332YLA9N;
				INFOPLIST_FILE = "Splashr-XTests/Info.plist";
				LD_RUNPATH_SEARCH_PATHS = (
					"$(inherited)",
					"@executable_path/Frameworks",
					"@loader_path/Frameworks",
				);
				PRODUCT_BUNDLE_IDENTIFIER = "com.giancarlobuenaflor.Splashr-XTests";
				PRODUCT_NAME = "$(TARGET_NAME)";
				SWIFT_VERSION = 5.0;
				TARGETED_DEVICE_FAMILY = "1,2";
				TEST_HOST = "$(BUILT_PRODUCTS_DIR)/Splashr-X.app/Splashr-X";
			};
			name = Release;
		};
		3454DF17229AF2D700EA3592 /* Debug */ = {
			isa = XCBuildConfiguration;
			baseConfigurationReference = 32BCF80BDEDF5013FF4D92A6 /* Pods-Splashr-XUITests.debug.xcconfig */;
			buildSettings = {
				ALWAYS_EMBED_SWIFT_STANDARD_LIBRARIES = YES;
				CODE_SIGN_STYLE = Automatic;
				DEVELOPMENT_TEAM = CR332YLA9N;
				INFOPLIST_FILE = "Splashr-XUITests/Info.plist";
				LD_RUNPATH_SEARCH_PATHS = (
					"$(inherited)",
					"@executable_path/Frameworks",
					"@loader_path/Frameworks",
				);
				PRODUCT_BUNDLE_IDENTIFIER = "com.giancarlobuenaflor.Splashr-XUITests";
				PRODUCT_NAME = "$(TARGET_NAME)";
				SWIFT_VERSION = 5.0;
				TARGETED_DEVICE_FAMILY = "1,2";
				TEST_TARGET_NAME = "Splashr-X";
			};
			name = Debug;
		};
		3454DF18229AF2D700EA3592 /* Release */ = {
			isa = XCBuildConfiguration;
			baseConfigurationReference = A09189916420B8B1F662287E /* Pods-Splashr-XUITests.release.xcconfig */;
			buildSettings = {
				ALWAYS_EMBED_SWIFT_STANDARD_LIBRARIES = YES;
				CODE_SIGN_STYLE = Automatic;
				DEVELOPMENT_TEAM = CR332YLA9N;
				INFOPLIST_FILE = "Splashr-XUITests/Info.plist";
				LD_RUNPATH_SEARCH_PATHS = (
					"$(inherited)",
					"@executable_path/Frameworks",
					"@loader_path/Frameworks",
				);
				PRODUCT_BUNDLE_IDENTIFIER = "com.giancarlobuenaflor.Splashr-XUITests";
				PRODUCT_NAME = "$(TARGET_NAME)";
				SWIFT_VERSION = 5.0;
				TARGETED_DEVICE_FAMILY = "1,2";
				TEST_TARGET_NAME = "Splashr-X";
			};
			name = Release;
		};
/* End XCBuildConfiguration section */

/* Begin XCConfigurationList section */
		3454DEE3229AF2D600EA3592 /* Build configuration list for PBXProject "Splashr-X" */ = {
			isa = XCConfigurationList;
			buildConfigurations = (
				3454DF0E229AF2D700EA3592 /* Debug */,
				3454DF0F229AF2D700EA3592 /* Release */,
			);
			defaultConfigurationIsVisible = 0;
			defaultConfigurationName = Release;
		};
		3454DF10229AF2D700EA3592 /* Build configuration list for PBXNativeTarget "Splashr-X" */ = {
			isa = XCConfigurationList;
			buildConfigurations = (
				3454DF11229AF2D700EA3592 /* Debug */,
				3454DF12229AF2D700EA3592 /* Release */,
			);
			defaultConfigurationIsVisible = 0;
			defaultConfigurationName = Release;
		};
		3454DF13229AF2D700EA3592 /* Build configuration list for PBXNativeTarget "Splashr-XTests" */ = {
			isa = XCConfigurationList;
			buildConfigurations = (
				3454DF14229AF2D700EA3592 /* Debug */,
				3454DF15229AF2D700EA3592 /* Release */,
			);
			defaultConfigurationIsVisible = 0;
			defaultConfigurationName = Release;
		};
		3454DF16229AF2D700EA3592 /* Build configuration list for PBXNativeTarget "Splashr-XUITests" */ = {
			isa = XCConfigurationList;
			buildConfigurations = (
				3454DF17229AF2D700EA3592 /* Debug */,
				3454DF18229AF2D700EA3592 /* Release */,
			);
			defaultConfigurationIsVisible = 0;
			defaultConfigurationName = Release;
		};
/* End XCConfigurationList section */
	};
	rootObject = 3454DEE0229AF2D600EA3592 /* Project object */;
}
